// !$*UTF8*$!
{
	archiveVersion = 1;
	classes = {
	};
	objectVersion = 46;
	objects = {

/* Begin PBXBuildFile section */
		4C59B9DF17150D3C003B7FC2 /* YAAlertView.m in Sources */ = {isa = PBXBuildFile; fileRef = 4C59B9DE17150D3C003B7FC2 /* YAAlertView.m */; };
		4C59B9E2171542A4003B7FC2 /* YAActionSheet.m in Sources */ = {isa = PBXBuildFile; fileRef = 4C59B9E1171542A4003B7FC2 /* YAActionSheet.m */; };
		4C59B9E6171548E4003B7FC2 /* AlertAndASViewController.m in Sources */ = {isa = PBXBuildFile; fileRef = 4C59B9E5171548E4003B7FC2 /* AlertAndASViewController.m */; };
		4C59B9E9171549FD003B7FC2 /* AlertAndASViewController.xib in Resources */ = {isa = PBXBuildFile; fileRef = 4C59B9E8171549FC003B7FC2 /* AlertAndASViewController.xib */; };
		4C59BA0017156255003B7FC2 /* YAPickerView.m in Sources */ = {isa = PBXBuildFile; fileRef = 4C59B9FF17156255003B7FC2 /* YAPickerView.m */; };
		4C5C3D791713E53D00F706A7 /* Foundation.framework in Frameworks */ = {isa = PBXBuildFile; fileRef = 4C5C3D781713E53D00F706A7 /* Foundation.framework */; };
		4C5C3D8A1713E96000F706A7 /* YAPlaceHolderTextView.m in Sources */ = {isa = PBXBuildFile; fileRef = 4C5C3D891713E96000F706A7 /* YAPlaceHolderTextView.m */; };
		4C5C3D911713F3A400F706A7 /* UIKit.framework in Frameworks */ = {isa = PBXBuildFile; fileRef = 4C5C3D901713F3A400F706A7 /* UIKit.framework */; };
		4C5C3D921713F3A400F706A7 /* Foundation.framework in Frameworks */ = {isa = PBXBuildFile; fileRef = 4C5C3D781713E53D00F706A7 /* Foundation.framework */; };
		4C5C3D941713F3A400F706A7 /* CoreGraphics.framework in Frameworks */ = {isa = PBXBuildFile; fileRef = 4C5C3D931713F3A400F706A7 /* CoreGraphics.framework */; };
		4C5C3D9A1713F3A400F706A7 /* InfoPlist.strings in Resources */ = {isa = PBXBuildFile; fileRef = 4C5C3D981713F3A400F706A7 /* InfoPlist.strings */; };
		4C5C3D9C1713F3A400F706A7 /* main.m in Sources */ = {isa = PBXBuildFile; fileRef = 4C5C3D9B1713F3A400F706A7 /* main.m */; };
		4C5C3DA01713F3A400F706A7 /* AppDelegate.m in Sources */ = {isa = PBXBuildFile; fileRef = 4C5C3D9F1713F3A400F706A7 /* AppDelegate.m */; };
		4C5C3DA21713F3A400F706A7 /* Default.png in Resources */ = {isa = PBXBuildFile; fileRef = 4C5C3DA11713F3A400F706A7 /* Default.png */; };
		4C5C3DA41713F3A400F706A7 /* Default@2x.png in Resources */ = {isa = PBXBuildFile; fileRef = 4C5C3DA31713F3A400F706A7 /* Default@2x.png */; };
		4C5C3DA61713F3A400F706A7 /* Default-568h@2x.png in Resources */ = {isa = PBXBuildFile; fileRef = 4C5C3DA51713F3A400F706A7 /* Default-568h@2x.png */; };
		4C5C3DA91713F3A400F706A7 /* ViewController.m in Sources */ = {isa = PBXBuildFile; fileRef = 4C5C3DA81713F3A400F706A7 /* ViewController.m */; };
		4C5C3DAC1713F3A400F706A7 /* ViewController.xib in Resources */ = {isa = PBXBuildFile; fileRef = 4C5C3DAA1713F3A400F706A7 /* ViewController.xib */; };
		4C5C3DBC1713F4BF00F706A7 /* libYAToolKit.a in Frameworks */ = {isa = PBXBuildFile; fileRef = 4C5C3DB61713F46F00F706A7 /* libYAToolKit.a */; };
		4C5C3DBD1713F50400F706A7 /* UIKit.framework in Frameworks */ = {isa = PBXBuildFile; fileRef = 4C5C3D901713F3A400F706A7 /* UIKit.framework */; };
		4C5C3DEA17141E3B00F706A7 /* UINavigationController+Demo.m in Sources */ = {isa = PBXBuildFile; fileRef = 4C5C3DE917141E3B00F706A7 /* UINavigationController+Demo.m */; };
		4C5C3DF0171421A100F706A7 /* PlaceHolderTextViewController.m in Sources */ = {isa = PBXBuildFile; fileRef = 4C5C3DEE171421A100F706A7 /* PlaceHolderTextViewController.m */; };
		4C5C3DF1171421A100F706A7 /* PlaceHolderTextViewController.xib in Resources */ = {isa = PBXBuildFile; fileRef = 4C5C3DEF171421A100F706A7 /* PlaceHolderTextViewController.xib */; };
		4C5C3DF417146B7000F706A7 /* QuartzCore.framework in Frameworks */ = {isa = PBXBuildFile; fileRef = 4C5C3DF317146B6F00F706A7 /* QuartzCore.framework */; };
		4C61123A17165644006CC59B /* PickerViewController.m in Sources */ = {isa = PBXBuildFile; fileRef = 4C61123817165644006CC59B /* PickerViewController.m */; };
		4C61123B17165644006CC59B /* PickerViewController.xib in Resources */ = {isa = PBXBuildFile; fileRef = 4C61123917165644006CC59B /* PickerViewController.xib */; };
		4C611255171662AC006CC59B /* libYAUIKit.a in Frameworks */ = {isa = PBXBuildFile; fileRef = 4C5C3D751713E53D00F706A7 /* libYAUIKit.a */; };
		4C61125917167FF5006CC59B /* YAToggleView.m in Sources */ = {isa = PBXBuildFile; fileRef = 4C61125817167FF5006CC59B /* YAToggleView.m */; };
		4CEF06CA1716AC8F00AD7913 /* ToggleViewController.m in Sources */ = {isa = PBXBuildFile; fileRef = 4CEF06C91716AC8F00AD7913 /* ToggleViewController.m */; };
		4CEF06D01716B09600AD7913 /* toggle_bg_off@2x.png in Resources */ = {isa = PBXBuildFile; fileRef = 4CEF06CD1716B09600AD7913 /* toggle_bg_off@2x.png */; };
		4CEF06D11716B09600AD7913 /* toggle_bg_on@2x.png in Resources */ = {isa = PBXBuildFile; fileRef = 4CEF06CE1716B09600AD7913 /* toggle_bg_on@2x.png */; };
		4CEF06D21716B09600AD7913 /* toggle_thumb_btn@2x.png in Resources */ = {isa = PBXBuildFile; fileRef = 4CEF06CF1716B09600AD7913 /* toggle_thumb_btn@2x.png */; };
		4CEF06D31716B53200AD7913 /* toggle_bg_off@2x.png in CopyFiles */ = {isa = PBXBuildFile; fileRef = 4CEF06CD1716B09600AD7913 /* toggle_bg_off@2x.png */; };
		4CEF06D41716B53200AD7913 /* toggle_bg_on@2x.png in CopyFiles */ = {isa = PBXBuildFile; fileRef = 4CEF06CE1716B09600AD7913 /* toggle_bg_on@2x.png */; };
		4CEF06D51716B53200AD7913 /* toggle_thumb_btn@2x.png in CopyFiles */ = {isa = PBXBuildFile; fileRef = 4CEF06CF1716B09600AD7913 /* toggle_thumb_btn@2x.png */; };
/* End PBXBuildFile section */

/* Begin PBXContainerItemProxy section */
		4C5C3DB51713F46F00F706A7 /* PBXContainerItemProxy */ = {
			isa = PBXContainerItemProxy;
			containerPortal = 4C5C3DB11713F46D00F706A7 /* YAToolKit.xcodeproj */;
			proxyType = 2;
			remoteGlobalIDString = 4C693A54171108F80001ACA7;
			remoteInfo = YAToolKit;
		};
		4C5C3DBA1713F4B900F706A7 /* PBXContainerItemProxy */ = {
			isa = PBXContainerItemProxy;
			containerPortal = 4C5C3DB11713F46D00F706A7 /* YAToolKit.xcodeproj */;
			proxyType = 1;
			remoteGlobalIDString = 4C693A53171108F80001ACA7;
			remoteInfo = YAToolKit;
		};
		4C6112531716629F006CC59B /* PBXContainerItemProxy */ = {
			isa = PBXContainerItemProxy;
			containerPortal = 4C5C3D6D1713E53D00F706A7 /* Project object */;
			proxyType = 1;
			remoteGlobalIDString = 4C5C3D741713E53D00F706A7;
			remoteInfo = YAUIKit;
		};
/* End PBXContainerItemProxy section */

/* Begin PBXCopyFilesBuildPhase section */
		4C5C3D731713E53D00F706A7 /* CopyFiles */ = {
			isa = PBXCopyFilesBuildPhase;
			buildActionMask = 8;
			dstPath = "include/${PRODUCT_NAME}";
			dstSubfolderSpec = 7;
			files = (
				4CEF06D31716B53200AD7913 /* toggle_bg_off@2x.png in CopyFiles */,
				4CEF06D41716B53200AD7913 /* toggle_bg_on@2x.png in CopyFiles */,
				4CEF06D51716B53200AD7913 /* toggle_thumb_btn@2x.png in CopyFiles */,
			);
			runOnlyForDeploymentPostprocessing = 1;
		};
/* End PBXCopyFilesBuildPhase section */

/* Begin PBXFileReference section */
		4C59B9DD17150D3C003B7FC2 /* YAAlertView.h */ = {isa = PBXFileReference; fileEncoding = 4; lastKnownFileType = sourcecode.c.h; path = YAAlertView.h; sourceTree = "<group>"; };
		4C59B9DE17150D3C003B7FC2 /* YAAlertView.m */ = {isa = PBXFileReference; fileEncoding = 4; lastKnownFileType = sourcecode.c.objc; path = YAAlertView.m; sourceTree = "<group>"; };
		4C59B9E0171542A4003B7FC2 /* YAActionSheet.h */ = {isa = PBXFileReference; fileEncoding = 4; lastKnownFileType = sourcecode.c.h; path = YAActionSheet.h; sourceTree = "<group>"; };
		4C59B9E1171542A4003B7FC2 /* YAActionSheet.m */ = {isa = PBXFileReference; fileEncoding = 4; lastKnownFileType = sourcecode.c.objc; path = YAActionSheet.m; sourceTree = "<group>"; };
		4C59B9E4171548E4003B7FC2 /* AlertAndASViewController.h */ = {isa = PBXFileReference; fileEncoding = 4; lastKnownFileType = sourcecode.c.h; path = AlertAndASViewController.h; sourceTree = "<group>"; };
		4C59B9E5171548E4003B7FC2 /* AlertAndASViewController.m */ = {isa = PBXFileReference; fileEncoding = 4; lastKnownFileType = sourcecode.c.objc; path = AlertAndASViewController.m; sourceTree = "<group>"; };
		4C59B9E71715490B003B7FC2 /* ViewControllerHeader.h */ = {isa = PBXFileReference; lastKnownFileType = sourcecode.c.h; path = ViewControllerHeader.h; sourceTree = "<group>"; };
		4C59B9E8171549FC003B7FC2 /* AlertAndASViewController.xib */ = {isa = PBXFileReference; fileEncoding = 4; lastKnownFileType = file.xib; path = AlertAndASViewController.xib; sourceTree = "<group>"; };
		4C59B9FE17156255003B7FC2 /* YAPickerView.h */ = {isa = PBXFileReference; fileEncoding = 4; lastKnownFileType = sourcecode.c.h; path = YAPickerView.h; sourceTree = "<group>"; };
		4C59B9FF17156255003B7FC2 /* YAPickerView.m */ = {isa = PBXFileReference; fileEncoding = 4; lastKnownFileType = sourcecode.c.objc; path = YAPickerView.m; sourceTree = "<group>"; };
		4C5C3D751713E53D00F706A7 /* libYAUIKit.a */ = {isa = PBXFileReference; explicitFileType = archive.ar; includeInIndex = 0; path = libYAUIKit.a; sourceTree = BUILT_PRODUCTS_DIR; };
		4C5C3D781713E53D00F706A7 /* Foundation.framework */ = {isa = PBXFileReference; lastKnownFileType = wrapper.framework; name = Foundation.framework; path = System/Library/Frameworks/Foundation.framework; sourceTree = SDKROOT; };
		4C5C3D7C1713E53D00F706A7 /* YAUIKit-Prefix.pch */ = {isa = PBXFileReference; lastKnownFileType = sourcecode.c.h; path = "YAUIKit-Prefix.pch"; sourceTree = "<group>"; };
		4C5C3D881713E96000F706A7 /* YAPlaceHolderTextView.h */ = {isa = PBXFileReference; fileEncoding = 4; lastKnownFileType = sourcecode.c.h; path = YAPlaceHolderTextView.h; sourceTree = "<group>"; };
		4C5C3D891713E96000F706A7 /* YAPlaceHolderTextView.m */ = {isa = PBXFileReference; fileEncoding = 4; lastKnownFileType = sourcecode.c.objc; path = YAPlaceHolderTextView.m; sourceTree = "<group>"; };
		4C5C3D8F1713F3A400F706A7 /* YAUIKitDemo.app */ = {isa = PBXFileReference; explicitFileType = wrapper.application; includeInIndex = 0; path = YAUIKitDemo.app; sourceTree = BUILT_PRODUCTS_DIR; };
		4C5C3D901713F3A400F706A7 /* UIKit.framework */ = {isa = PBXFileReference; lastKnownFileType = wrapper.framework; name = UIKit.framework; path = System/Library/Frameworks/UIKit.framework; sourceTree = SDKROOT; };
		4C5C3D931713F3A400F706A7 /* CoreGraphics.framework */ = {isa = PBXFileReference; lastKnownFileType = wrapper.framework; name = CoreGraphics.framework; path = System/Library/Frameworks/CoreGraphics.framework; sourceTree = SDKROOT; };
		4C5C3D971713F3A400F706A7 /* YAUIKitDemo-Info.plist */ = {isa = PBXFileReference; lastKnownFileType = text.plist.xml; path = "YAUIKitDemo-Info.plist"; sourceTree = "<group>"; };
		4C5C3D991713F3A400F706A7 /* en */ = {isa = PBXFileReference; lastKnownFileType = text.plist.strings; name = en; path = en.lproj/InfoPlist.strings; sourceTree = "<group>"; };
		4C5C3D9B1713F3A400F706A7 /* main.m */ = {isa = PBXFileReference; lastKnownFileType = sourcecode.c.objc; path = main.m; sourceTree = "<group>"; };
		4C5C3D9D1713F3A400F706A7 /* YAUIKitDemo-Prefix.pch */ = {isa = PBXFileReference; lastKnownFileType = sourcecode.c.h; path = "YAUIKitDemo-Prefix.pch"; sourceTree = "<group>"; };
		4C5C3D9E1713F3A400F706A7 /* AppDelegate.h */ = {isa = PBXFileReference; lastKnownFileType = sourcecode.c.h; path = AppDelegate.h; sourceTree = "<group>"; };
		4C5C3D9F1713F3A400F706A7 /* AppDelegate.m */ = {isa = PBXFileReference; lastKnownFileType = sourcecode.c.objc; path = AppDelegate.m; sourceTree = "<group>"; };
		4C5C3DA11713F3A400F706A7 /* Default.png */ = {isa = PBXFileReference; lastKnownFileType = image.png; path = Default.png; sourceTree = "<group>"; };
		4C5C3DA31713F3A400F706A7 /* Default@2x.png */ = {isa = PBXFileReference; lastKnownFileType = image.png; path = "Default@2x.png"; sourceTree = "<group>"; };
		4C5C3DA51713F3A400F706A7 /* Default-568h@2x.png */ = {isa = PBXFileReference; lastKnownFileType = image.png; path = "Default-568h@2x.png"; sourceTree = "<group>"; };
		4C5C3DA71713F3A400F706A7 /* ViewController.h */ = {isa = PBXFileReference; lastKnownFileType = sourcecode.c.h; path = ViewController.h; sourceTree = "<group>"; };
		4C5C3DA81713F3A400F706A7 /* ViewController.m */ = {isa = PBXFileReference; lastKnownFileType = sourcecode.c.objc; path = ViewController.m; sourceTree = "<group>"; };
		4C5C3DAB1713F3A400F706A7 /* en */ = {isa = PBXFileReference; lastKnownFileType = file.xib; name = en; path = en.lproj/ViewController.xib; sourceTree = "<group>"; };
		4C5C3DB11713F46D00F706A7 /* YAToolKit.xcodeproj */ = {isa = PBXFileReference; lastKnownFileType = "wrapper.pb-project"; name = YAToolKit.xcodeproj; path = ../../Dependency/YAToolKit/YAToolKit/YAToolKit.xcodeproj; sourceTree = "<group>"; };
		4C5C3DE817141E3B00F706A7 /* UINavigationController+Demo.h */ = {isa = PBXFileReference; fileEncoding = 4; lastKnownFileType = sourcecode.c.h; path = "UINavigationController+Demo.h"; sourceTree = "<group>"; };
		4C5C3DE917141E3B00F706A7 /* UINavigationController+Demo.m */ = {isa = PBXFileReference; fileEncoding = 4; lastKnownFileType = sourcecode.c.objc; path = "UINavigationController+Demo.m"; sourceTree = "<group>"; };
		4C5C3DED171421A100F706A7 /* PlaceHolderTextViewController.h */ = {isa = PBXFileReference; fileEncoding = 4; lastKnownFileType = sourcecode.c.h; path = PlaceHolderTextViewController.h; sourceTree = "<group>"; };
		4C5C3DEE171421A100F706A7 /* PlaceHolderTextViewController.m */ = {isa = PBXFileReference; fileEncoding = 4; lastKnownFileType = sourcecode.c.objc; path = PlaceHolderTextViewController.m; sourceTree = "<group>"; };
		4C5C3DEF171421A100F706A7 /* PlaceHolderTextViewController.xib */ = {isa = PBXFileReference; fileEncoding = 4; lastKnownFileType = file.xib; path = PlaceHolderTextViewController.xib; sourceTree = "<group>"; };
		4C5C3DF317146B6F00F706A7 /* QuartzCore.framework */ = {isa = PBXFileReference; lastKnownFileType = wrapper.framework; name = QuartzCore.framework; path = System/Library/Frameworks/QuartzCore.framework; sourceTree = SDKROOT; };
		4C61123717165644006CC59B /* PickerViewController.h */ = {isa = PBXFileReference; fileEncoding = 4; lastKnownFileType = sourcecode.c.h; path = PickerViewController.h; sourceTree = "<group>"; };
		4C61123817165644006CC59B /* PickerViewController.m */ = {isa = PBXFileReference; fileEncoding = 4; lastKnownFileType = sourcecode.c.objc; path = PickerViewController.m; sourceTree = "<group>"; };
		4C61123917165644006CC59B /* PickerViewController.xib */ = {isa = PBXFileReference; fileEncoding = 4; lastKnownFileType = file.xib; path = PickerViewController.xib; sourceTree = "<group>"; };
		4C61125717167FF5006CC59B /* YAToggleView.h */ = {isa = PBXFileReference; fileEncoding = 4; lastKnownFileType = sourcecode.c.h; path = YAToggleView.h; sourceTree = "<group>"; };
		4C61125817167FF5006CC59B /* YAToggleView.m */ = {isa = PBXFileReference; fileEncoding = 4; lastKnownFileType = sourcecode.c.objc; path = YAToggleView.m; sourceTree = "<group>"; };
		4CEF06C81716AC8F00AD7913 /* ToggleViewController.h */ = {isa = PBXFileReference; fileEncoding = 4; lastKnownFileType = sourcecode.c.h; path = ToggleViewController.h; sourceTree = "<group>"; };
		4CEF06C91716AC8F00AD7913 /* ToggleViewController.m */ = {isa = PBXFileReference; fileEncoding = 4; lastKnownFileType = sourcecode.c.objc; path = ToggleViewController.m; sourceTree = "<group>"; };
		4CEF06CD1716B09600AD7913 /* toggle_bg_off@2x.png */ = {isa = PBXFileReference; lastKnownFileType = image.png; path = "toggle_bg_off@2x.png"; sourceTree = "<group>"; };
		4CEF06CE1716B09600AD7913 /* toggle_bg_on@2x.png */ = {isa = PBXFileReference; lastKnownFileType = image.png; path = "toggle_bg_on@2x.png"; sourceTree = "<group>"; };
		4CEF06CF1716B09600AD7913 /* toggle_thumb_btn@2x.png */ = {isa = PBXFileReference; lastKnownFileType = image.png; path = "toggle_thumb_btn@2x.png"; sourceTree = "<group>"; };
/* End PBXFileReference section */

/* Begin PBXFrameworksBuildPhase section */
		4C5C3D721713E53D00F706A7 /* Frameworks */ = {
			isa = PBXFrameworksBuildPhase;
			buildActionMask = 2147483647;
			files = (
				4C5C3DBD1713F50400F706A7 /* UIKit.framework in Frameworks */,
				4C5C3DBC1713F4BF00F706A7 /* libYAToolKit.a in Frameworks */,
				4C5C3D791713E53D00F706A7 /* Foundation.framework in Frameworks */,
			);
			runOnlyForDeploymentPostprocessing = 0;
		};
		4C5C3D8C1713F3A400F706A7 /* Frameworks */ = {
			isa = PBXFrameworksBuildPhase;
			buildActionMask = 2147483647;
			files = (
				4C611255171662AC006CC59B /* libYAUIKit.a in Frameworks */,
				4C5C3DF417146B7000F706A7 /* QuartzCore.framework in Frameworks */,
				4C5C3D911713F3A400F706A7 /* UIKit.framework in Frameworks */,
				4C5C3D921713F3A400F706A7 /* Foundation.framework in Frameworks */,
				4C5C3D941713F3A400F706A7 /* CoreGraphics.framework in Frameworks */,
			);
			runOnlyForDeploymentPostprocessing = 0;
		};
/* End PBXFrameworksBuildPhase section */

/* Begin PBXGroup section */
		4C59B9DB17150C84003B7FC2 /* YAAlertView */ = {
			isa = PBXGroup;
			children = (
				4C59B9DD17150D3C003B7FC2 /* YAAlertView.h */,
				4C59B9DE17150D3C003B7FC2 /* YAAlertView.m */,
			);
			path = YAAlertView;
			sourceTree = "<group>";
		};
		4C59B9DC17150C84003B7FC2 /* YAActionSheet */ = {
			isa = PBXGroup;
			children = (
				4C59B9E0171542A4003B7FC2 /* YAActionSheet.h */,
				4C59B9E1171542A4003B7FC2 /* YAActionSheet.m */,
			);
			path = YAActionSheet;
			sourceTree = "<group>";
		};
		4C59B9E3171548CC003B7FC2 /* AlertAndActionSheet */ = {
			isa = PBXGroup;
			children = (
				4C59B9E4171548E4003B7FC2 /* AlertAndASViewController.h */,
				4C59B9E5171548E4003B7FC2 /* AlertAndASViewController.m */,
				4C59B9E8171549FC003B7FC2 /* AlertAndASViewController.xib */,
			);
			path = AlertAndActionSheet;
			sourceTree = "<group>";
		};
		4C59B9FD1715620A003B7FC2 /* YAPickerView */ = {
			isa = PBXGroup;
			children = (
				4C59B9FE17156255003B7FC2 /* YAPickerView.h */,
				4C59B9FF17156255003B7FC2 /* YAPickerView.m */,
			);
			path = YAPickerView;
			sourceTree = "<group>";
		};
		4C5C3D6C1713E53D00F706A7 = {
			isa = PBXGroup;
			children = (
				4C5C3D7A1713E53D00F706A7 /* YAUIKit */,
				4C5C3D951713F3A400F706A7 /* YAUIKitDemo */,
				4C5C3D771713E53D00F706A7 /* Frameworks */,
				4C5C3D761713E53D00F706A7 /* Products */,
			);
			sourceTree = "<group>";
		};
		4C5C3D761713E53D00F706A7 /* Products */ = {
			isa = PBXGroup;
			children = (
				4C5C3D751713E53D00F706A7 /* libYAUIKit.a */,
				4C5C3D8F1713F3A400F706A7 /* YAUIKitDemo.app */,
			);
			name = Products;
			sourceTree = "<group>";
		};
		4C5C3D771713E53D00F706A7 /* Frameworks */ = {
			isa = PBXGroup;
			children = (
				4C5C3DF317146B6F00F706A7 /* QuartzCore.framework */,
				4C5C3D781713E53D00F706A7 /* Foundation.framework */,
				4C5C3D901713F3A400F706A7 /* UIKit.framework */,
				4C5C3D931713F3A400F706A7 /* CoreGraphics.framework */,
			);
			name = Frameworks;
			sourceTree = "<group>";
		};
		4C5C3D7A1713E53D00F706A7 /* YAUIKit */ = {
			isa = PBXGroup;
			children = (
				4C5C3D861713E64300F706A7 /* Source */,
				4C5C3DB01713F3E500F706A7 /* Dependency */,
				4CEF06CB1716AEAE00AD7913 /* Resource */,
				4C5C3D7B1713E53D00F706A7 /* Supporting Files */,
			);
			path = YAUIKit;
			sourceTree = "<group>";
		};
		4C5C3D7B1713E53D00F706A7 /* Supporting Files */ = {
			isa = PBXGroup;
			children = (
				4C5C3D7C1713E53D00F706A7 /* YAUIKit-Prefix.pch */,
			);
			name = "Supporting Files";
			sourceTree = "<group>";
		};
		4C5C3D861713E64300F706A7 /* Source */ = {
			isa = PBXGroup;
			children = (
				4C6112561716742B006CC59B /* YAToggleView */,
				4C59B9FD1715620A003B7FC2 /* YAPickerView */,
				4C59B9DB17150C84003B7FC2 /* YAAlertView */,
				4C59B9DC17150C84003B7FC2 /* YAActionSheet */,
				4C5C3D871713E66900F706A7 /* YAPlaceHolderTextView */,
			);
			path = Source;
			sourceTree = "<group>";
		};
		4C5C3D871713E66900F706A7 /* YAPlaceHolderTextView */ = {
			isa = PBXGroup;
			children = (
				4C5C3D881713E96000F706A7 /* YAPlaceHolderTextView.h */,
				4C5C3D891713E96000F706A7 /* YAPlaceHolderTextView.m */,
			);
			path = YAPlaceHolderTextView;
			sourceTree = "<group>";
		};
		4C5C3D951713F3A400F706A7 /* YAUIKitDemo */ = {
			isa = PBXGroup;
			children = (
				4CEF06C71716AC5E00AD7913 /* ToggleViewController */,
				4C61123617165634006CC59B /* PickerViewController */,
				4C59B9E3171548CC003B7FC2 /* AlertAndActionSheet */,
				4C5C3DEC1714218700F706A7 /* PlaceHolderTextViewController */,
				4C5C3DE717141DC600F706A7 /* Extend */,
				4C59B9E71715490B003B7FC2 /* ViewControllerHeader.h */,
				4C5C3D9E1713F3A400F706A7 /* AppDelegate.h */,
				4C5C3D9F1713F3A400F706A7 /* AppDelegate.m */,
				4C5C3DA71713F3A400F706A7 /* ViewController.h */,
				4C5C3DA81713F3A400F706A7 /* ViewController.m */,
				4C5C3DAA1713F3A400F706A7 /* ViewController.xib */,
				4C5C3D961713F3A400F706A7 /* Supporting Files */,
			);
			path = YAUIKitDemo;
			sourceTree = "<group>";
		};
		4C5C3D961713F3A400F706A7 /* Supporting Files */ = {
			isa = PBXGroup;
			children = (
				4C5C3D971713F3A400F706A7 /* YAUIKitDemo-Info.plist */,
				4C5C3D981713F3A400F706A7 /* InfoPlist.strings */,
				4C5C3D9B1713F3A400F706A7 /* main.m */,
				4C5C3D9D1713F3A400F706A7 /* YAUIKitDemo-Prefix.pch */,
				4C5C3DA11713F3A400F706A7 /* Default.png */,
				4C5C3DA31713F3A400F706A7 /* Default@2x.png */,
				4C5C3DA51713F3A400F706A7 /* Default-568h@2x.png */,
			);
			name = "Supporting Files";
			sourceTree = "<group>";
		};
		4C5C3DB01713F3E500F706A7 /* Dependency */ = {
			isa = PBXGroup;
			children = (
				4C5C3DB11713F46D00F706A7 /* YAToolKit.xcodeproj */,
			);
			name = Dependency;
			sourceTree = "<group>";
		};
		4C5C3DB21713F46D00F706A7 /* Products */ = {
			isa = PBXGroup;
			children = (
				4C5C3DB61713F46F00F706A7 /* libYAToolKit.a */,
			);
			name = Products;
			sourceTree = "<group>";
		};
		4C5C3DE717141DC600F706A7 /* Extend */ = {
			isa = PBXGroup;
			children = (
				4C5C3DE817141E3B00F706A7 /* UINavigationController+Demo.h */,
				4C5C3DE917141E3B00F706A7 /* UINavigationController+Demo.m */,
			);
			path = Extend;
			sourceTree = "<group>";
		};
		4C5C3DEC1714218700F706A7 /* PlaceHolderTextViewController */ = {
			isa = PBXGroup;
			children = (
				4C5C3DED171421A100F706A7 /* PlaceHolderTextViewController.h */,
				4C5C3DEE171421A100F706A7 /* PlaceHolderTextViewController.m */,
				4C5C3DEF171421A100F706A7 /* PlaceHolderTextViewController.xib */,
			);
			path = PlaceHolderTextViewController;
			sourceTree = "<group>";
		};
		4C61123617165634006CC59B /* PickerViewController */ = {
			isa = PBXGroup;
			children = (
				4C61123717165644006CC59B /* PickerViewController.h */,
				4C61123817165644006CC59B /* PickerViewController.m */,
				4C61123917165644006CC59B /* PickerViewController.xib */,
			);
			path = PickerViewController;
			sourceTree = "<group>";
		};
		4C6112561716742B006CC59B /* YAToggleView */ = {
			isa = PBXGroup;
			children = (
				4C61125717167FF5006CC59B /* YAToggleView.h */,
				4C61125817167FF5006CC59B /* YAToggleView.m */,
			);
			path = YAToggleView;
			sourceTree = "<group>";
		};
		4CEF06C71716AC5E00AD7913 /* ToggleViewController */ = {
			isa = PBXGroup;
			children = (
				4CEF06C81716AC8F00AD7913 /* ToggleViewController.h */,
				4CEF06C91716AC8F00AD7913 /* ToggleViewController.m */,
			);
			path = ToggleViewController;
			sourceTree = "<group>";
		};
		4CEF06CB1716AEAE00AD7913 /* Resource */ = {
			isa = PBXGroup;
			children = (
				4CEF06CC1716AF1C00AD7913 /* YAToggleView */,
			);
			path = Resource;
			sourceTree = "<group>";
		};
		4CEF06CC1716AF1C00AD7913 /* YAToggleView */ = {
			isa = PBXGroup;
			children = (
				4CEF06CD1716B09600AD7913 /* toggle_bg_off@2x.png */,
				4CEF06CE1716B09600AD7913 /* toggle_bg_on@2x.png */,
				4CEF06CF1716B09600AD7913 /* toggle_thumb_btn@2x.png */,
			);
			path = YAToggleView;
			sourceTree = "<group>";
		};
/* End PBXGroup section */

/* Begin PBXNativeTarget section */
		4C5C3D741713E53D00F706A7 /* YAUIKit */ = {
			isa = PBXNativeTarget;
			buildConfigurationList = 4C5C3D831713E53D00F706A7 /* Build configuration list for PBXNativeTarget "YAUIKit" */;
			buildPhases = (
				4C5C3D711713E53D00F706A7 /* Sources */,
				4C5C3D721713E53D00F706A7 /* Frameworks */,
				4C5C3D731713E53D00F706A7 /* CopyFiles */,
			);
			buildRules = (
			);
			dependencies = (
				4C5C3DBB1713F4B900F706A7 /* PBXTargetDependency */,
			);
			name = YAUIKit;
			productName = YAUIKit;
			productReference = 4C5C3D751713E53D00F706A7 /* libYAUIKit.a */;
			productType = "com.apple.product-type.library.static";
		};
		4C5C3D8E1713F3A400F706A7 /* YAUIKitDemo */ = {
			isa = PBXNativeTarget;
			buildConfigurationList = 4C5C3DAD1713F3A400F706A7 /* Build configuration list for PBXNativeTarget "YAUIKitDemo" */;
			buildPhases = (
				4C5C3D8B1713F3A400F706A7 /* Sources */,
				4C5C3D8C1713F3A400F706A7 /* Frameworks */,
				4C5C3D8D1713F3A400F706A7 /* Resources */,
			);
			buildRules = (
			);
			dependencies = (
				4C6112541716629F006CC59B /* PBXTargetDependency */,
			);
			name = YAUIKitDemo;
			productName = YAUIKitDemo;
			productReference = 4C5C3D8F1713F3A400F706A7 /* YAUIKitDemo.app */;
			productType = "com.apple.product-type.application";
		};
/* End PBXNativeTarget section */

/* Begin PBXProject section */
		4C5C3D6D1713E53D00F706A7 /* Project object */ = {
			isa = PBXProject;
			attributes = {
				LastUpgradeCheck = 0460;
				ORGANIZATIONNAME = "liu yan";
			};
			buildConfigurationList = 4C5C3D701713E53D00F706A7 /* Build configuration list for PBXProject "YAUIKit" */;
			compatibilityVersion = "Xcode 3.2";
			developmentRegion = English;
			hasScannedForEncodings = 0;
			knownRegions = (
				en,
			);
			mainGroup = 4C5C3D6C1713E53D00F706A7;
			productRefGroup = 4C5C3D761713E53D00F706A7 /* Products */;
			projectDirPath = "";
			projectReferences = (
				{
					ProductGroup = 4C5C3DB21713F46D00F706A7 /* Products */;
					ProjectRef = 4C5C3DB11713F46D00F706A7 /* YAToolKit.xcodeproj */;
				},
			);
			projectRoot = "";
			targets = (
				4C5C3D741713E53D00F706A7 /* YAUIKit */,
				4C5C3D8E1713F3A400F706A7 /* YAUIKitDemo */,
			);
		};
/* End PBXProject section */

/* Begin PBXReferenceProxy section */
		4C5C3DB61713F46F00F706A7 /* libYAToolKit.a */ = {
			isa = PBXReferenceProxy;
			fileType = archive.ar;
			path = libYAToolKit.a;
			remoteRef = 4C5C3DB51713F46F00F706A7 /* PBXContainerItemProxy */;
			sourceTree = BUILT_PRODUCTS_DIR;
		};
/* End PBXReferenceProxy section */

/* Begin PBXResourcesBuildPhase section */
		4C5C3D8D1713F3A400F706A7 /* Resources */ = {
			isa = PBXResourcesBuildPhase;
			buildActionMask = 2147483647;
			files = (
				4C5C3D9A1713F3A400F706A7 /* InfoPlist.strings in Resources */,
				4C5C3DA21713F3A400F706A7 /* Default.png in Resources */,
				4C5C3DA41713F3A400F706A7 /* Default@2x.png in Resources */,
				4C5C3DA61713F3A400F706A7 /* Default-568h@2x.png in Resources */,
				4C5C3DAC1713F3A400F706A7 /* ViewController.xib in Resources */,
				4C5C3DF1171421A100F706A7 /* PlaceHolderTextViewController.xib in Resources */,
				4C59B9E9171549FD003B7FC2 /* AlertAndASViewController.xib in Resources */,
				4C61123B17165644006CC59B /* PickerViewController.xib in Resources */,
				4CEF06D01716B09600AD7913 /* toggle_bg_off@2x.png in Resources */,
				4CEF06D11716B09600AD7913 /* toggle_bg_on@2x.png in Resources */,
				4CEF06D21716B09600AD7913 /* toggle_thumb_btn@2x.png in Resources */,
			);
			runOnlyForDeploymentPostprocessing = 0;
		};
/* End PBXResourcesBuildPhase section */

/* Begin PBXSourcesBuildPhase section */
		4C5C3D711713E53D00F706A7 /* Sources */ = {
			isa = PBXSourcesBuildPhase;
			buildActionMask = 2147483647;
			files = (
				4C5C3D8A1713E96000F706A7 /* YAPlaceHolderTextView.m in Sources */,
				4C59B9DF17150D3C003B7FC2 /* YAAlertView.m in Sources */,
				4C59B9E2171542A4003B7FC2 /* YAActionSheet.m in Sources */,
				4C59BA0017156255003B7FC2 /* YAPickerView.m in Sources */,
				4C61125917167FF5006CC59B /* YAToggleView.m in Sources */,
			);
			runOnlyForDeploymentPostprocessing = 0;
		};
		4C5C3D8B1713F3A400F706A7 /* Sources */ = {
			isa = PBXSourcesBuildPhase;
			buildActionMask = 2147483647;
			files = (
				4C5C3D9C1713F3A400F706A7 /* main.m in Sources */,
				4C5C3DA01713F3A400F706A7 /* AppDelegate.m in Sources */,
				4C5C3DA91713F3A400F706A7 /* ViewController.m in Sources */,
				4C5C3DEA17141E3B00F706A7 /* UINavigationController+Demo.m in Sources */,
				4C5C3DF0171421A100F706A7 /* PlaceHolderTextViewController.m in Sources */,
				4C59B9E6171548E4003B7FC2 /* AlertAndASViewController.m in Sources */,
				4C61123A17165644006CC59B /* PickerViewController.m in Sources */,
				4CEF06CA1716AC8F00AD7913 /* ToggleViewController.m in Sources */,
			);
			runOnlyForDeploymentPostprocessing = 0;
		};
/* End PBXSourcesBuildPhase section */

/* Begin PBXTargetDependency section */
		4C5C3DBB1713F4B900F706A7 /* PBXTargetDependency */ = {
			isa = PBXTargetDependency;
			name = YAToolKit;
			targetProxy = 4C5C3DBA1713F4B900F706A7 /* PBXContainerItemProxy */;
		};
		4C6112541716629F006CC59B /* PBXTargetDependency */ = {
			isa = PBXTargetDependency;
			target = 4C5C3D741713E53D00F706A7 /* YAUIKit */;
			targetProxy = 4C6112531716629F006CC59B /* PBXContainerItemProxy */;
		};
/* End PBXTargetDependency section */

/* Begin PBXVariantGroup section */
		4C5C3D981713F3A400F706A7 /* InfoPlist.strings */ = {
			isa = PBXVariantGroup;
			children = (
				4C5C3D991713F3A400F706A7 /* en */,
			);
			name = InfoPlist.strings;
			sourceTree = "<group>";
		};
		4C5C3DAA1713F3A400F706A7 /* ViewController.xib */ = {
			isa = PBXVariantGroup;
			children = (
				4C5C3DAB1713F3A400F706A7 /* en */,
			);
			name = ViewController.xib;
			sourceTree = "<group>";
		};
/* End PBXVariantGroup section */

/* Begin XCBuildConfiguration section */
		4C5C3D811713E53D00F706A7 /* Debug */ = {
			isa = XCBuildConfiguration;
			buildSettings = {
				ALWAYS_SEARCH_USER_PATHS = YES;
				CLANG_CXX_LANGUAGE_STANDARD = "gnu++0x";
				CLANG_CXX_LIBRARY = "libc++";
				CLANG_ENABLE_OBJC_ARC = YES;
				CLANG_WARN_CONSTANT_CONVERSION = YES;
				CLANG_WARN_EMPTY_BODY = YES;
				CLANG_WARN_ENUM_CONVERSION = YES;
				CLANG_WARN_INT_CONVERSION = YES;
				CLANG_WARN__DUPLICATE_METHOD_MATCH = YES;
				COPY_PHASE_STRIP = NO;
				FRAMEWORK_SEARCH_PATHS = "";
				GCC_C_LANGUAGE_STANDARD = gnu99;
				GCC_DYNAMIC_NO_PIC = NO;
				GCC_OPTIMIZATION_LEVEL = 0;
				GCC_PREPROCESSOR_DEFINITIONS = (
					"DEBUG=1",
					"$(inherited)",
				);
				GCC_SYMBOLS_PRIVATE_EXTERN = NO;
				GCC_WARN_ABOUT_RETURN_TYPE = YES;
				GCC_WARN_UNINITIALIZED_AUTOS = YES;
				GCC_WARN_UNUSED_VARIABLE = YES;
				HEADER_SEARCH_PATHS = "";
				IPHONEOS_DEPLOYMENT_TARGET = 4.3;
				LIBRARY_SEARCH_PATHS = "";
				ONLY_ACTIVE_ARCH = YES;
				SDKROOT = iphoneos;
				USER_HEADER_SEARCH_PATHS = "${SRCROOT}/../Dependency/**";
			};
			name = Debug;
		};
		4C5C3D821713E53D00F706A7 /* Release */ = {
			isa = XCBuildConfiguration;
			buildSettings = {
				ALWAYS_SEARCH_USER_PATHS = YES;
				CLANG_CXX_LANGUAGE_STANDARD = "gnu++0x";
				CLANG_CXX_LIBRARY = "libc++";
				CLANG_ENABLE_OBJC_ARC = YES;
				CLANG_WARN_CONSTANT_CONVERSION = YES;
				CLANG_WARN_EMPTY_BODY = YES;
				CLANG_WARN_ENUM_CONVERSION = YES;
				CLANG_WARN_INT_CONVERSION = YES;
				CLANG_WARN__DUPLICATE_METHOD_MATCH = YES;
				COPY_PHASE_STRIP = YES;
				FRAMEWORK_SEARCH_PATHS = "";
				GCC_C_LANGUAGE_STANDARD = gnu99;
				GCC_WARN_ABOUT_RETURN_TYPE = YES;
				GCC_WARN_UNINITIALIZED_AUTOS = YES;
				GCC_WARN_UNUSED_VARIABLE = YES;
				HEADER_SEARCH_PATHS = "";
				IPHONEOS_DEPLOYMENT_TARGET = 4.3;
				LIBRARY_SEARCH_PATHS = "";
				SDKROOT = iphoneos;
				USER_HEADER_SEARCH_PATHS = "${SRCROOT}/../Dependency/**";
				VALIDATE_PRODUCT = YES;
			};
			name = Release;
		};
		4C5C3D841713E53D00F706A7 /* Debug */ = {
			isa = XCBuildConfiguration;
			buildSettings = {
				DSTROOT = /tmp/YAUIKit.dst;
				FRAMEWORK_SEARCH_PATHS = "";
				GCC_PRECOMPILE_PREFIX_HEADER = YES;
				GCC_PREFIX_HEADER = "YAUIKit/YAUIKit-Prefix.pch";
				HEADER_SEARCH_PATHS = "";
				LIBRARY_SEARCH_PATHS = "";
				OTHER_LDFLAGS = (
					"-ObjC",
					"-all_load",
				);
				PRODUCT_NAME = "$(TARGET_NAME)";
				PUBLIC_HEADERS_FOLDER_PATH = "../$(TARGET_NAME)";
				SKIP_INSTALL = YES;
				USER_HEADER_SEARCH_PATHS = "${SRCROOT}/../Dependency/**";
			};
			name = Debug;
		};
		4C5C3D851713E53D00F706A7 /* Release */ = {
			isa = XCBuildConfiguration;
			buildSettings = {
				DSTROOT = /tmp/YAUIKit.dst;
				FRAMEWORK_SEARCH_PATHS = "";
				GCC_PRECOMPILE_PREFIX_HEADER = YES;
				GCC_PREFIX_HEADER = "YAUIKit/YAUIKit-Prefix.pch";
				HEADER_SEARCH_PATHS = "";
				LIBRARY_SEARCH_PATHS = "";
				OTHER_LDFLAGS = (
					"-ObjC",
					"-all_load",
				);
				PRODUCT_NAME = "$(TARGET_NAME)";
				PUBLIC_HEADERS_FOLDER_PATH = "../$(TARGET_NAME)";
				SKIP_INSTALL = YES;
				USER_HEADER_SEARCH_PATHS = "${SRCROOT}/../Dependency/**";
			};
			name = Release;
		};
		4C5C3DAE1713F3A400F706A7 /* Debug */ = {
			isa = XCBuildConfiguration;
			buildSettings = {
				"CODE_SIGN_IDENTITY[sdk=iphoneos*]" = "iPhone Developer";
				FRAMEWORK_SEARCH_PATHS = "";
				GCC_PRECOMPILE_PREFIX_HEADER = YES;
				GCC_PREFIX_HEADER = "YAUIKitDemo/YAUIKitDemo-Prefix.pch";
				HEADER_SEARCH_PATHS = "";
				INFOPLIST_FILE = "YAUIKitDemo/YAUIKitDemo-Info.plist";
				IPHONEOS_DEPLOYMENT_TARGET = 4.3;
				LIBRARY_SEARCH_PATHS = "";
				OTHER_LDFLAGS = (
					"-Objc",
					"-all_load",
				);
				PRODUCT_NAME = "$(TARGET_NAME)";
				USER_HEADER_SEARCH_PATHS = "${SRCROOT}/../Dependency/**";
				WRAPPER_EXTENSION = app;
			};
			name = Debug;
		};
		4C5C3DAF1713F3A400F706A7 /* Release */ = {
			isa = XCBuildConfiguration;
			buildSettings = {
				"CODE_SIGN_IDENTITY[sdk=iphoneos*]" = "iPhone Developer";
				FRAMEWORK_SEARCH_PATHS = "";
				GCC_PRECOMPILE_PREFIX_HEADER = YES;
				GCC_PREFIX_HEADER = "YAUIKitDemo/YAUIKitDemo-Prefix.pch";
				HEADER_SEARCH_PATHS = "";
				INFOPLIST_FILE = "YAUIKitDemo/YAUIKitDemo-Info.plist";
				IPHONEOS_DEPLOYMENT_TARGET = 4.3;
				LIBRARY_SEARCH_PATHS = "";
				OTHER_CFLAGS = "-DNS_BLOCK_ASSERTIONS=1";
				OTHER_LDFLAGS = (
					"-Objc",
					"-all_load",
				);
				PRODUCT_NAME = "$(TARGET_NAME)";
				USER_HEADER_SEARCH_PATHS = "${SRCROOT}/../Dependency/**";
				WRAPPER_EXTENSION = app;
			};
			name = Release;
		};
/* End XCBuildConfiguration section */

/* Begin XCConfigurationList section */
		4C5C3D701713E53D00F706A7 /* Build configuration list for PBXProject "YAUIKit" */ = {
			isa = XCConfigurationList;
			buildConfigurations = (
				4C5C3D811713E53D00F706A7 /* Debug */,
				4C5C3D821713E53D00F706A7 /* Release */,
			);
			defaultConfigurationIsVisible = 0;
			defaultConfigurationName = Release;
		};
		4C5C3D831713E53D00F706A7 /* Build configuration list for PBXNativeTarget "YAUIKit" */ = {
			isa = XCConfigurationList;
			buildConfigurations = (
				4C5C3D841713E53D00F706A7 /* Debug */,
				4C5C3D851713E53D00F706A7 /* Release */,
			);
			defaultConfigurationIsVisible = 0;
			defaultConfigurationName = Release;
		};
		4C5C3DAD1713F3A400F706A7 /* Build configuration list for PBXNativeTarget "YAUIKitDemo" */ = {
			isa = XCConfigurationList;
			buildConfigurations = (
				4C5C3DAE1713F3A400F706A7 /* Debug */,
				4C5C3DAF1713F3A400F706A7 /* Release */,
			);
			defaultConfigurationIsVisible = 0;
			defaultConfigurationName = Release;
		};
/* End XCConfigurationList section */
	};
	rootObject = 4C5C3D6D1713E53D00F706A7 /* Project object */;
}
