// !$*UTF8*$!
{
	archiveVersion = 1;
	classes = {
	};
	objectVersion = 46;
	objects = {

/* Begin PBXBuildFile section */
		4C59B9E6171548E4003B7FC2 /* AlertAndASViewController.m in Sources */ = {isa = PBXBuildFile; fileRef = 4C59B9E5171548E4003B7FC2 /* AlertAndASViewController.m */; };
		4C59B9E9171549FD003B7FC2 /* AlertAndASViewController.xib in Resources */ = {isa = PBXBuildFile; fileRef = 4C59B9E8171549FC003B7FC2 /* AlertAndASViewController.xib */; };
		4C5C3D791713E53D00F706A7 /* Foundation.framework in Frameworks */ = {isa = PBXBuildFile; fileRef = 4C5C3D781713E53D00F706A7 /* Foundation.framework */; };
		4C5C3D911713F3A400F706A7 /* UIKit.framework in Frameworks */ = {isa = PBXBuildFile; fileRef = 4C5C3D901713F3A400F706A7 /* UIKit.framework */; };
		4C5C3D921713F3A400F706A7 /* Foundation.framework in Frameworks */ = {isa = PBXBuildFile; fileRef = 4C5C3D781713E53D00F706A7 /* Foundation.framework */; };
		4C5C3D941713F3A400F706A7 /* CoreGraphics.framework in Frameworks */ = {isa = PBXBuildFile; fileRef = 4C5C3D931713F3A400F706A7 /* CoreGraphics.framework */; };
		4C5C3D9A1713F3A400F706A7 /* InfoPlist.strings in Resources */ = {isa = PBXBuildFile; fileRef = 4C5C3D981713F3A400F706A7 /* InfoPlist.strings */; };
		4C5C3D9C1713F3A400F706A7 /* main.m in Sources */ = {isa = PBXBuildFile; fileRef = 4C5C3D9B1713F3A400F706A7 /* main.m */; };
		4C5C3DA01713F3A400F706A7 /* AppDelegate.m in Sources */ = {isa = PBXBuildFile; fileRef = 4C5C3D9F1713F3A400F706A7 /* AppDelegate.m */; };
		4C5C3DA21713F3A400F706A7 /* Default.png in Resources */ = {isa = PBXBuildFile; fileRef = 4C5C3DA11713F3A400F706A7 /* Default.png */; };
		4C5C3DA41713F3A400F706A7 /* Default@2x.png in Resources */ = {isa = PBXBuildFile; fileRef = 4C5C3DA31713F3A400F706A7 /* Default@2x.png */; };
		4C5C3DA61713F3A400F706A7 /* Default-568h@2x.png in Resources */ = {isa = PBXBuildFile; fileRef = 4C5C3DA51713F3A400F706A7 /* Default-568h@2x.png */; };
		4C5C3DA91713F3A400F706A7 /* ViewController.m in Sources */ = {isa = PBXBuildFile; fileRef = 4C5C3DA81713F3A400F706A7 /* ViewController.m */; };
		4C5C3DAC1713F3A400F706A7 /* ViewController.xib in Resources */ = {isa = PBXBuildFile; fileRef = 4C5C3DAA1713F3A400F706A7 /* ViewController.xib */; };
		4C5C3DBD1713F50400F706A7 /* UIKit.framework in Frameworks */ = {isa = PBXBuildFile; fileRef = 4C5C3D901713F3A400F706A7 /* UIKit.framework */; };
		4C5C3DEA17141E3B00F706A7 /* UINavigationController+Demo.m in Sources */ = {isa = PBXBuildFile; fileRef = 4C5C3DE917141E3B00F706A7 /* UINavigationController+Demo.m */; };
		4C5C3DF0171421A100F706A7 /* PlaceHolderTextViewController.m in Sources */ = {isa = PBXBuildFile; fileRef = 4C5C3DEE171421A100F706A7 /* PlaceHolderTextViewController.m */; };
		4C5C3DF1171421A100F706A7 /* PlaceHolderTextViewController.xib in Resources */ = {isa = PBXBuildFile; fileRef = 4C5C3DEF171421A100F706A7 /* PlaceHolderTextViewController.xib */; };
		4C5C3DF417146B7000F706A7 /* QuartzCore.framework in Frameworks */ = {isa = PBXBuildFile; fileRef = 4C5C3DF317146B6F00F706A7 /* QuartzCore.framework */; };
		4C5C4303171E710D00391666 /* libYAUIKit.a in Frameworks */ = {isa = PBXBuildFile; fileRef = 4C5C3D751713E53D00F706A7 /* libYAUIKit.a */; };
		4C5D59B71717C11800C948C2 /* SearchViewController.m in Sources */ = {isa = PBXBuildFile; fileRef = 4C5D59B51717C11800C948C2 /* SearchViewController.m */; };
		4C5D59B81717C11800C948C2 /* SearchViewController.xib in Resources */ = {isa = PBXBuildFile; fileRef = 4C5D59B61717C11800C948C2 /* SearchViewController.xib */; };
		4C5D59C0171816FA00C948C2 /* BaseViewController.m in Sources */ = {isa = PBXBuildFile; fileRef = 4C5D59BF171816FA00C948C2 /* BaseViewController.m */; };
		4C60501C171D3A0F0051F41B /* PullRefreshViewController.m in Sources */ = {isa = PBXBuildFile; fileRef = 4C60501A171D3A0F0051F41B /* PullRefreshViewController.m */; };
		4C61123A17165644006CC59B /* PickerViewController.m in Sources */ = {isa = PBXBuildFile; fileRef = 4C61123817165644006CC59B /* PickerViewController.m */; };
		4C61123B17165644006CC59B /* PickerViewController.xib in Resources */ = {isa = PBXBuildFile; fileRef = 4C61123917165644006CC59B /* PickerViewController.xib */; };
		4CEF06CA1716AC8F00AD7913 /* ToggleViewController.m in Sources */ = {isa = PBXBuildFile; fileRef = 4CEF06C91716AC8F00AD7913 /* ToggleViewController.m */; };
		7508CF9E18BB3A7E001218CB /* Reveal.framework in Frameworks */ = {isa = PBXBuildFile; fileRef = 7508CF9D18BB3A7E001218CB /* Reveal.framework */; };
		7508CFA318BB3A9B001218CB /* main.m in Sources */ = {isa = PBXBuildFile; fileRef = 4C5C3D9B1713F3A400F706A7 /* main.m */; };
		7508CFA418BB3A9B001218CB /* AppDelegate.m in Sources */ = {isa = PBXBuildFile; fileRef = 4C5C3D9F1713F3A400F706A7 /* AppDelegate.m */; };
		7508CFA518BB3A9B001218CB /* ViewController.m in Sources */ = {isa = PBXBuildFile; fileRef = 4C5C3DA81713F3A400F706A7 /* ViewController.m */; };
		7508CFA618BB3A9B001218CB /* UINavigationController+Demo.m in Sources */ = {isa = PBXBuildFile; fileRef = 4C5C3DE917141E3B00F706A7 /* UINavigationController+Demo.m */; };
		7508CFA718BB3A9B001218CB /* PlaceHolderTextViewController.m in Sources */ = {isa = PBXBuildFile; fileRef = 4C5C3DEE171421A100F706A7 /* PlaceHolderTextViewController.m */; };
		7508CFA818BB3A9B001218CB /* AlertAndASViewController.m in Sources */ = {isa = PBXBuildFile; fileRef = 4C59B9E5171548E4003B7FC2 /* AlertAndASViewController.m */; };
		7508CFA918BB3A9B001218CB /* PickerViewController.m in Sources */ = {isa = PBXBuildFile; fileRef = 4C61123817165644006CC59B /* PickerViewController.m */; };
		7508CFAA18BB3A9B001218CB /* ToggleViewController.m in Sources */ = {isa = PBXBuildFile; fileRef = 4CEF06C91716AC8F00AD7913 /* ToggleViewController.m */; };
		7508CFAB18BB3A9B001218CB /* SearchViewController.m in Sources */ = {isa = PBXBuildFile; fileRef = 4C5D59B51717C11800C948C2 /* SearchViewController.m */; };
		7508CFAC18BB3A9B001218CB /* BaseViewController.m in Sources */ = {isa = PBXBuildFile; fileRef = 4C5D59BF171816FA00C948C2 /* BaseViewController.m */; };
		7508CFAD18BB3A9B001218CB /* PullRefreshViewController.m in Sources */ = {isa = PBXBuildFile; fileRef = 4C60501A171D3A0F0051F41B /* PullRefreshViewController.m */; };
		7508CFAF18BB3A9B001218CB /* Reveal.framework in Frameworks */ = {isa = PBXBuildFile; fileRef = 7508CF9D18BB3A7E001218CB /* Reveal.framework */; };
		7508CFB018BB3A9B001218CB /* CoreText.framework in Frameworks */ = {isa = PBXBuildFile; fileRef = 7550608C1814D67A00E957DE /* CoreText.framework */; };
		7508CFB118BB3A9B001218CB /* libYAUIKit.a in Frameworks */ = {isa = PBXBuildFile; fileRef = 4C5C3D751713E53D00F706A7 /* libYAUIKit.a */; };
		7508CFB218BB3A9B001218CB /* QuartzCore.framework in Frameworks */ = {isa = PBXBuildFile; fileRef = 4C5C3DF317146B6F00F706A7 /* QuartzCore.framework */; };
		7508CFB318BB3A9B001218CB /* UIKit.framework in Frameworks */ = {isa = PBXBuildFile; fileRef = 4C5C3D901713F3A400F706A7 /* UIKit.framework */; };
		7508CFB418BB3A9B001218CB /* Foundation.framework in Frameworks */ = {isa = PBXBuildFile; fileRef = 4C5C3D781713E53D00F706A7 /* Foundation.framework */; };
		7508CFB518BB3A9B001218CB /* CoreGraphics.framework in Frameworks */ = {isa = PBXBuildFile; fileRef = 4C5C3D931713F3A400F706A7 /* CoreGraphics.framework */; };
		7508CFB718BB3A9B001218CB /* InfoPlist.strings in Resources */ = {isa = PBXBuildFile; fileRef = 4C5C3D981713F3A400F706A7 /* InfoPlist.strings */; };
		7508CFB818BB3A9B001218CB /* Default.png in Resources */ = {isa = PBXBuildFile; fileRef = 4C5C3DA11713F3A400F706A7 /* Default.png */; };
		7508CFB918BB3A9B001218CB /* Default@2x.png in Resources */ = {isa = PBXBuildFile; fileRef = 4C5C3DA31713F3A400F706A7 /* Default@2x.png */; };
		7508CFBA18BB3A9B001218CB /* Default-568h@2x.png in Resources */ = {isa = PBXBuildFile; fileRef = 4C5C3DA51713F3A400F706A7 /* Default-568h@2x.png */; };
		7508CFBB18BB3A9B001218CB /* ViewController.xib in Resources */ = {isa = PBXBuildFile; fileRef = 4C5C3DAA1713F3A400F706A7 /* ViewController.xib */; };
		7508CFBC18BB3A9B001218CB /* PlaceHolderTextViewController.xib in Resources */ = {isa = PBXBuildFile; fileRef = 4C5C3DEF171421A100F706A7 /* PlaceHolderTextViewController.xib */; };
		7508CFBD18BB3A9B001218CB /* AlertAndASViewController.xib in Resources */ = {isa = PBXBuildFile; fileRef = 4C59B9E8171549FC003B7FC2 /* AlertAndASViewController.xib */; };
		7508CFBE18BB3A9B001218CB /* PickerViewController.xib in Resources */ = {isa = PBXBuildFile; fileRef = 4C61123917165644006CC59B /* PickerViewController.xib */; };
		7508CFC218BB3A9B001218CB /* SearchViewController.xib in Resources */ = {isa = PBXBuildFile; fileRef = 4C5D59B61717C11800C948C2 /* SearchViewController.xib */; };
		753BBA081A3AA18A00D4A50E /* YAInfiniteScroll.m in Sources */ = {isa = PBXBuildFile; fileRef = 753BBA071A3AA18A00D4A50E /* YAInfiniteScroll.m */; };
		7543F9D91A2342C0008178C8 /* YATextEditorViewController.m in Sources */ = {isa = PBXBuildFile; fileRef = 7543F9D81A2342C0008178C8 /* YATextEditorViewController.m */; };
		7550608D1814D67A00E957DE /* CoreText.framework in Frameworks */ = {isa = PBXBuildFile; fileRef = 7550608C1814D67A00E957DE /* CoreText.framework */; };
		7550608E1814D68600E957DE /* CoreText.framework in Frameworks */ = {isa = PBXBuildFile; fileRef = 7550608C1814D67A00E957DE /* CoreText.framework */; };
		7557F79B19E9A75800153B2E /* YATableViewController.m in Sources */ = {isa = PBXBuildFile; fileRef = 7557F79A19E9A75800153B2E /* YATableViewController.m */; };
		7571AB3D1C23E8CA008DCBA4 /* UIGestureRecognizer+YABlockAction.m in Sources */ = {isa = PBXBuildFile; fileRef = 7571AB3C1C23E8CA008DCBA4 /* UIGestureRecognizer+YABlockAction.m */; };
		7571AB411C23EA40008DCBA4 /* UIScrollView+YAScroll.m in Sources */ = {isa = PBXBuildFile; fileRef = 7571AB401C23EA40008DCBA4 /* UIScrollView+YAScroll.m */; };
		7571AB451C23F07D008DCBA4 /* UIWindow+YAHierarchy.m in Sources */ = {isa = PBXBuildFile; fileRef = 7571AB441C23F07D008DCBA4 /* UIWindow+YAHierarchy.m */; };
		7571AB491C23FA47008DCBA4 /* UIDevice+YAInfo.m in Sources */ = {isa = PBXBuildFile; fileRef = 7571AB481C23FA47008DCBA4 /* UIDevice+YAInfo.m */; };
		7571AB4C1C23FBFE008DCBA4 /* UIImage+YAScreenImage.m in Sources */ = {isa = PBXBuildFile; fileRef = 7571AB4B1C23FBFE008DCBA4 /* UIImage+YAScreenImage.m */; };
		75900D2F19E4438E00C05D28 /* UIBarButtonItem+YAItemFactory.m in Sources */ = {isa = PBXBuildFile; fileRef = 75900CF119E4438E00C05D28 /* UIBarButtonItem+YAItemFactory.m */; };
		75900D3019E4438E00C05D28 /* UIColor+YAHexColor.m in Sources */ = {isa = PBXBuildFile; fileRef = 75900CF419E4438E00C05D28 /* UIColor+YAHexColor.m */; };
		75900D3119E4438E00C05D28 /* UIControl+YAUIKit.m in Sources */ = {isa = PBXBuildFile; fileRef = 75900CF719E4438E00C05D28 /* UIControl+YAUIKit.m */; };
		75900D3219E4438E00C05D28 /* UIFont+YAUIKit.m in Sources */ = {isa = PBXBuildFile; fileRef = 75900CFA19E4438E00C05D28 /* UIFont+YAUIKit.m */; };
		75900D3319E4438E00C05D28 /* UIImage+YAColor.m in Sources */ = {isa = PBXBuildFile; fileRef = 75900CFD19E4438E00C05D28 /* UIImage+YAColor.m */; };
		75900D3419E4438E00C05D28 /* UIImage+YAImageTransform.m in Sources */ = {isa = PBXBuildFile; fileRef = 75900CFF19E4438E00C05D28 /* UIImage+YAImageTransform.m */; };
		75900D3519E4438E00C05D28 /* UIImage+YAUIKit.m in Sources */ = {isa = PBXBuildFile; fileRef = 75900D0119E4438E00C05D28 /* UIImage+YAUIKit.m */; };
		75900D3619E4438E00C05D28 /* UINavigationController+YAAnimation.m in Sources */ = {isa = PBXBuildFile; fileRef = 75900D0419E4438E00C05D28 /* UINavigationController+YAAnimation.m */; };
		75900D3719E4438E00C05D28 /* UIView+YAUIKit.m in Sources */ = {isa = PBXBuildFile; fileRef = 75900D0719E4438E00C05D28 /* UIView+YAUIKit.m */; };
		75900D3819E4438E00C05D28 /* YASeparatorLine.m in Sources */ = {isa = PBXBuildFile; fileRef = 75900D0A19E4438E00C05D28 /* YASeparatorLine.m */; };
		75900D3D19E4438E00C05D28 /* YAActionSheet.m in Sources */ = {isa = PBXBuildFile; fileRef = 75900D1819E4438E00C05D28 /* YAActionSheet.m */; };
		75900D3E19E4438E00C05D28 /* YAAlertView.m in Sources */ = {isa = PBXBuildFile; fileRef = 75900D1B19E4438E00C05D28 /* YAAlertView.m */; };
		75900D3F19E4438E00C05D28 /* YAPanBackController.m in Sources */ = {isa = PBXBuildFile; fileRef = 75900D1E19E4438E00C05D28 /* YAPanBackController.m */; };
		75900D4019E4438E00C05D28 /* YAPanController.m in Sources */ = {isa = PBXBuildFile; fileRef = 75900D2119E4438E00C05D28 /* YAPanController.m */; };
		75900D4119E4438E00C05D28 /* YAPlaceHolderTextView.m in Sources */ = {isa = PBXBuildFile; fileRef = 75900D2419E4438E00C05D28 /* YAPlaceHolderTextView.m */; };
		75900D4219E4438E00C05D28 /* YARefreshControl.m in Sources */ = {isa = PBXBuildFile; fileRef = 75900D2719E4438E00C05D28 /* YARefreshControl.m */; };
		75900D4319E4438E00C05D28 /* YARefreshView.m in Sources */ = {isa = PBXBuildFile; fileRef = 75900D2919E4438E00C05D28 /* YARefreshView.m */; };
		75900D4419E4438E00C05D28 /* YARefreshIndicator.m in Sources */ = {isa = PBXBuildFile; fileRef = 75900D2C19E4438E00C05D28 /* YARefreshIndicator.m */; };
		75900D4819E445E500C05D28 /* YASkinManager.m in Sources */ = {isa = PBXBuildFile; fileRef = 75900D4719E445E500C05D28 /* YASkinManager.m */; };
		75900D4C19E448F100C05D28 /* YATableDataSource.m in Sources */ = {isa = PBXBuildFile; fileRef = 75900D4B19E448F100C05D28 /* YATableDataSource.m */; };
		75C15C2419EA70AA00E5C341 /* UIApplication+YAKeyboardWindow.m in Sources */ = {isa = PBXBuildFile; fileRef = 75C15C2319EA70AA00E5C341 /* UIApplication+YAKeyboardWindow.m */; };
		75D8F39F1B4D023300EBC7E9 /* UIColor+YAColorMixing.m in Sources */ = {isa = PBXBuildFile; fileRef = 75D8F39E1B4D023300EBC7E9 /* UIColor+YAColorMixing.m */; };
		75F9D1321B2A8DF800972CB5 /* UITableView+YAReusableCell.m in Sources */ = {isa = PBXBuildFile; fileRef = 75F9D1311B2A8DF800972CB5 /* UITableView+YAReusableCell.m */; };
/* End PBXBuildFile section */

/* Begin PBXContainerItemProxy section */
		4C5C4301171E710A00391666 /* PBXContainerItemProxy */ = {
			isa = PBXContainerItemProxy;
			containerPortal = 4C5C3D6D1713E53D00F706A7 /* Project object */;
			proxyType = 1;
			remoteGlobalIDString = 4C5C3D741713E53D00F706A7;
			remoteInfo = YAUIKit;
		};
		7508CFA118BB3A9B001218CB /* PBXContainerItemProxy */ = {
			isa = PBXContainerItemProxy;
			containerPortal = 4C5C3D6D1713E53D00F706A7 /* Project object */;
			proxyType = 1;
			remoteGlobalIDString = 4C5C3D741713E53D00F706A7;
			remoteInfo = YAUIKit;
		};
/* End PBXContainerItemProxy section */

/* Begin PBXCopyFilesBuildPhase section */
		4C5C3D731713E53D00F706A7 /* CopyFiles */ = {
			isa = PBXCopyFilesBuildPhase;
			buildActionMask = 8;
			dstPath = "include/${PRODUCT_NAME}";
			dstSubfolderSpec = 7;
			files = (
			);
			runOnlyForDeploymentPostprocessing = 1;
		};
/* End PBXCopyFilesBuildPhase section */

/* Begin PBXFileReference section */
		4C59B9E4171548E4003B7FC2 /* AlertAndASViewController.h */ = {isa = PBXFileReference; fileEncoding = 4; lastKnownFileType = sourcecode.c.h; path = AlertAndASViewController.h; sourceTree = "<group>"; };
		4C59B9E5171548E4003B7FC2 /* AlertAndASViewController.m */ = {isa = PBXFileReference; fileEncoding = 4; lastKnownFileType = sourcecode.c.objc; path = AlertAndASViewController.m; sourceTree = "<group>"; };
		4C59B9E71715490B003B7FC2 /* ViewControllerHeader.h */ = {isa = PBXFileReference; lastKnownFileType = sourcecode.c.h; path = ViewControllerHeader.h; sourceTree = "<group>"; };
		4C59B9E8171549FC003B7FC2 /* AlertAndASViewController.xib */ = {isa = PBXFileReference; fileEncoding = 4; lastKnownFileType = file.xib; path = AlertAndASViewController.xib; sourceTree = "<group>"; };
		4C5C3D751713E53D00F706A7 /* libYAUIKit.a */ = {isa = PBXFileReference; explicitFileType = archive.ar; includeInIndex = 0; path = libYAUIKit.a; sourceTree = BUILT_PRODUCTS_DIR; };
		4C5C3D781713E53D00F706A7 /* Foundation.framework */ = {isa = PBXFileReference; lastKnownFileType = wrapper.framework; name = Foundation.framework; path = System/Library/Frameworks/Foundation.framework; sourceTree = SDKROOT; };
		4C5C3D7C1713E53D00F706A7 /* YAUIKit-Prefix.pch */ = {isa = PBXFileReference; lastKnownFileType = sourcecode.c.h; path = "YAUIKit-Prefix.pch"; sourceTree = "<group>"; };
		4C5C3D8F1713F3A400F706A7 /* YAUIKitDemo.app */ = {isa = PBXFileReference; explicitFileType = wrapper.application; includeInIndex = 0; path = YAUIKitDemo.app; sourceTree = BUILT_PRODUCTS_DIR; };
		4C5C3D901713F3A400F706A7 /* UIKit.framework */ = {isa = PBXFileReference; lastKnownFileType = wrapper.framework; name = UIKit.framework; path = System/Library/Frameworks/UIKit.framework; sourceTree = SDKROOT; };
		4C5C3D931713F3A400F706A7 /* CoreGraphics.framework */ = {isa = PBXFileReference; lastKnownFileType = wrapper.framework; name = CoreGraphics.framework; path = System/Library/Frameworks/CoreGraphics.framework; sourceTree = SDKROOT; };
		4C5C3D971713F3A400F706A7 /* YAUIKitDemo-Info.plist */ = {isa = PBXFileReference; lastKnownFileType = text.plist.xml; path = "YAUIKitDemo-Info.plist"; sourceTree = "<group>"; };
		4C5C3D991713F3A400F706A7 /* en */ = {isa = PBXFileReference; lastKnownFileType = text.plist.strings; name = en; path = en.lproj/InfoPlist.strings; sourceTree = "<group>"; };
		4C5C3D9B1713F3A400F706A7 /* main.m */ = {isa = PBXFileReference; lastKnownFileType = sourcecode.c.objc; path = main.m; sourceTree = "<group>"; };
		4C5C3D9D1713F3A400F706A7 /* YAUIKitDemo-Prefix.pch */ = {isa = PBXFileReference; lastKnownFileType = sourcecode.c.h; path = "YAUIKitDemo-Prefix.pch"; sourceTree = "<group>"; };
		4C5C3D9E1713F3A400F706A7 /* AppDelegate.h */ = {isa = PBXFileReference; lastKnownFileType = sourcecode.c.h; path = AppDelegate.h; sourceTree = "<group>"; };
		4C5C3D9F1713F3A400F706A7 /* AppDelegate.m */ = {isa = PBXFileReference; lastKnownFileType = sourcecode.c.objc; path = AppDelegate.m; sourceTree = "<group>"; };
		4C5C3DA11713F3A400F706A7 /* Default.png */ = {isa = PBXFileReference; lastKnownFileType = image.png; path = Default.png; sourceTree = "<group>"; };
		4C5C3DA31713F3A400F706A7 /* Default@2x.png */ = {isa = PBXFileReference; lastKnownFileType = image.png; path = "Default@2x.png"; sourceTree = "<group>"; };
		4C5C3DA51713F3A400F706A7 /* Default-568h@2x.png */ = {isa = PBXFileReference; lastKnownFileType = image.png; path = "Default-568h@2x.png"; sourceTree = "<group>"; };
		4C5C3DA71713F3A400F706A7 /* ViewController.h */ = {isa = PBXFileReference; lastKnownFileType = sourcecode.c.h; path = ViewController.h; sourceTree = "<group>"; };
		4C5C3DA81713F3A400F706A7 /* ViewController.m */ = {isa = PBXFileReference; lastKnownFileType = sourcecode.c.objc; path = ViewController.m; sourceTree = "<group>"; };
		4C5C3DAB1713F3A400F706A7 /* en */ = {isa = PBXFileReference; lastKnownFileType = file.xib; name = en; path = en.lproj/ViewController.xib; sourceTree = "<group>"; };
		4C5C3DE817141E3B00F706A7 /* UINavigationController+Demo.h */ = {isa = PBXFileReference; fileEncoding = 4; lastKnownFileType = sourcecode.c.h; path = "UINavigationController+Demo.h"; sourceTree = "<group>"; };
		4C5C3DE917141E3B00F706A7 /* UINavigationController+Demo.m */ = {isa = PBXFileReference; fileEncoding = 4; lastKnownFileType = sourcecode.c.objc; path = "UINavigationController+Demo.m"; sourceTree = "<group>"; };
		4C5C3DED171421A100F706A7 /* PlaceHolderTextViewController.h */ = {isa = PBXFileReference; fileEncoding = 4; lastKnownFileType = sourcecode.c.h; path = PlaceHolderTextViewController.h; sourceTree = "<group>"; };
		4C5C3DEE171421A100F706A7 /* PlaceHolderTextViewController.m */ = {isa = PBXFileReference; fileEncoding = 4; lastKnownFileType = sourcecode.c.objc; path = PlaceHolderTextViewController.m; sourceTree = "<group>"; };
		4C5C3DEF171421A100F706A7 /* PlaceHolderTextViewController.xib */ = {isa = PBXFileReference; fileEncoding = 4; lastKnownFileType = file.xib; path = PlaceHolderTextViewController.xib; sourceTree = "<group>"; };
		4C5C3DF317146B6F00F706A7 /* QuartzCore.framework */ = {isa = PBXFileReference; lastKnownFileType = wrapper.framework; name = QuartzCore.framework; path = System/Library/Frameworks/QuartzCore.framework; sourceTree = SDKROOT; };
		4C5D59B41717C11800C948C2 /* SearchViewController.h */ = {isa = PBXFileReference; fileEncoding = 4; lastKnownFileType = sourcecode.c.h; path = SearchViewController.h; sourceTree = "<group>"; };
		4C5D59B51717C11800C948C2 /* SearchViewController.m */ = {isa = PBXFileReference; fileEncoding = 4; lastKnownFileType = sourcecode.c.objc; path = SearchViewController.m; sourceTree = "<group>"; };
		4C5D59B61717C11800C948C2 /* SearchViewController.xib */ = {isa = PBXFileReference; fileEncoding = 4; lastKnownFileType = file.xib; path = SearchViewController.xib; sourceTree = "<group>"; };
		4C5D59BE171816FA00C948C2 /* BaseViewController.h */ = {isa = PBXFileReference; fileEncoding = 4; lastKnownFileType = sourcecode.c.h; path = BaseViewController.h; sourceTree = "<group>"; };
		4C5D59BF171816FA00C948C2 /* BaseViewController.m */ = {isa = PBXFileReference; fileEncoding = 4; lastKnownFileType = sourcecode.c.objc; path = BaseViewController.m; sourceTree = "<group>"; };
		4C605019171D3A0F0051F41B /* PullRefreshViewController.h */ = {isa = PBXFileReference; fileEncoding = 4; lastKnownFileType = sourcecode.c.h; path = PullRefreshViewController.h; sourceTree = "<group>"; };
		4C60501A171D3A0F0051F41B /* PullRefreshViewController.m */ = {isa = PBXFileReference; fileEncoding = 4; lastKnownFileType = sourcecode.c.objc; path = PullRefreshViewController.m; sourceTree = "<group>"; };
		4C61123717165644006CC59B /* PickerViewController.h */ = {isa = PBXFileReference; fileEncoding = 4; lastKnownFileType = sourcecode.c.h; path = PickerViewController.h; sourceTree = "<group>"; };
		4C61123817165644006CC59B /* PickerViewController.m */ = {isa = PBXFileReference; fileEncoding = 4; lastKnownFileType = sourcecode.c.objc; path = PickerViewController.m; sourceTree = "<group>"; };
		4C61123917165644006CC59B /* PickerViewController.xib */ = {isa = PBXFileReference; fileEncoding = 4; lastKnownFileType = file.xib; path = PickerViewController.xib; sourceTree = "<group>"; };
		4CEF06C81716AC8F00AD7913 /* ToggleViewController.h */ = {isa = PBXFileReference; fileEncoding = 4; lastKnownFileType = sourcecode.c.h; path = ToggleViewController.h; sourceTree = "<group>"; };
		4CEF06C91716AC8F00AD7913 /* ToggleViewController.m */ = {isa = PBXFileReference; fileEncoding = 4; lastKnownFileType = sourcecode.c.objc; path = ToggleViewController.m; sourceTree = "<group>"; };
		7508CF9D18BB3A7E001218CB /* Reveal.framework */ = {isa = PBXFileReference; lastKnownFileType = wrapper.framework; path = Reveal.framework; sourceTree = "<group>"; };
		7508CFC618BB3A9B001218CB /* YAUIKitDemo-Reveal.app */ = {isa = PBXFileReference; explicitFileType = wrapper.application; includeInIndex = 0; path = "YAUIKitDemo-Reveal.app"; sourceTree = BUILT_PRODUCTS_DIR; };
		7508CFC718BB3A9B001218CB /* YAUIKitDemo copy-Info.plist */ = {isa = PBXFileReference; lastKnownFileType = text.plist.xml; name = "YAUIKitDemo copy-Info.plist"; path = "/Users/Candyan/Douban/Mobile/Library/YAUIKit/YAUIKit/YAUIKitDemo copy-Info.plist"; sourceTree = "<absolute>"; };
		753BBA061A3AA18A00D4A50E /* YAInfiniteScroll.h */ = {isa = PBXFileReference; fileEncoding = 4; lastKnownFileType = sourcecode.c.h; path = YAInfiniteScroll.h; sourceTree = "<group>"; };
		753BBA071A3AA18A00D4A50E /* YAInfiniteScroll.m */ = {isa = PBXFileReference; fileEncoding = 4; lastKnownFileType = sourcecode.c.objc; path = YAInfiniteScroll.m; sourceTree = "<group>"; };
		7543F9D71A2342C0008178C8 /* YATextEditorViewController.h */ = {isa = PBXFileReference; fileEncoding = 4; lastKnownFileType = sourcecode.c.h; path = YATextEditorViewController.h; sourceTree = "<group>"; };
		7543F9D81A2342C0008178C8 /* YATextEditorViewController.m */ = {isa = PBXFileReference; fileEncoding = 4; lastKnownFileType = sourcecode.c.objc; path = YATextEditorViewController.m; sourceTree = "<group>"; };
		7550608C1814D67A00E957DE /* CoreText.framework */ = {isa = PBXFileReference; lastKnownFileType = wrapper.framework; name = CoreText.framework; path = System/Library/Frameworks/CoreText.framework; sourceTree = SDKROOT; };
		7557F79919E9A75800153B2E /* YATableViewController.h */ = {isa = PBXFileReference; fileEncoding = 4; lastKnownFileType = sourcecode.c.h; path = YATableViewController.h; sourceTree = "<group>"; };
		7557F79A19E9A75800153B2E /* YATableViewController.m */ = {isa = PBXFileReference; fileEncoding = 4; lastKnownFileType = sourcecode.c.objc; path = YATableViewController.m; sourceTree = "<group>"; };
		7571AB3B1C23E8CA008DCBA4 /* UIGestureRecognizer+YABlockAction.h */ = {isa = PBXFileReference; fileEncoding = 4; lastKnownFileType = sourcecode.c.h; path = "UIGestureRecognizer+YABlockAction.h"; sourceTree = "<group>"; };
		7571AB3C1C23E8CA008DCBA4 /* UIGestureRecognizer+YABlockAction.m */ = {isa = PBXFileReference; fileEncoding = 4; lastKnownFileType = sourcecode.c.objc; path = "UIGestureRecognizer+YABlockAction.m"; sourceTree = "<group>"; };
		7571AB3F1C23EA40008DCBA4 /* UIScrollView+YAScroll.h */ = {isa = PBXFileReference; fileEncoding = 4; lastKnownFileType = sourcecode.c.h; path = "UIScrollView+YAScroll.h"; sourceTree = "<group>"; };
		7571AB401C23EA40008DCBA4 /* UIScrollView+YAScroll.m */ = {isa = PBXFileReference; fileEncoding = 4; lastKnownFileType = sourcecode.c.objc; path = "UIScrollView+YAScroll.m"; sourceTree = "<group>"; };
		7571AB431C23F07D008DCBA4 /* UIWindow+YAHierarchy.h */ = {isa = PBXFileReference; fileEncoding = 4; lastKnownFileType = sourcecode.c.h; path = "UIWindow+YAHierarchy.h"; sourceTree = "<group>"; };
		7571AB441C23F07D008DCBA4 /* UIWindow+YAHierarchy.m */ = {isa = PBXFileReference; fileEncoding = 4; lastKnownFileType = sourcecode.c.objc; path = "UIWindow+YAHierarchy.m"; sourceTree = "<group>"; };
		7571AB471C23FA47008DCBA4 /* UIDevice+YAInfo.h */ = {isa = PBXFileReference; fileEncoding = 4; lastKnownFileType = sourcecode.c.h; path = "UIDevice+YAInfo.h"; sourceTree = "<group>"; };
		7571AB481C23FA47008DCBA4 /* UIDevice+YAInfo.m */ = {isa = PBXFileReference; fileEncoding = 4; lastKnownFileType = sourcecode.c.objc; path = "UIDevice+YAInfo.m"; sourceTree = "<group>"; };
		7571AB4A1C23FBFE008DCBA4 /* UIImage+YAScreenImage.h */ = {isa = PBXFileReference; fileEncoding = 4; lastKnownFileType = sourcecode.c.h; path = "UIImage+YAScreenImage.h"; sourceTree = "<group>"; };
		7571AB4B1C23FBFE008DCBA4 /* UIImage+YAScreenImage.m */ = {isa = PBXFileReference; fileEncoding = 4; lastKnownFileType = sourcecode.c.objc; path = "UIImage+YAScreenImage.m"; sourceTree = "<group>"; };
		75900CF019E4438E00C05D28 /* UIBarButtonItem+YAItemFactory.h */ = {isa = PBXFileReference; fileEncoding = 4; lastKnownFileType = sourcecode.c.h; path = "UIBarButtonItem+YAItemFactory.h"; sourceTree = "<group>"; };
		75900CF119E4438E00C05D28 /* UIBarButtonItem+YAItemFactory.m */ = {isa = PBXFileReference; fileEncoding = 4; lastKnownFileType = sourcecode.c.objc; path = "UIBarButtonItem+YAItemFactory.m"; sourceTree = "<group>"; };
		75900CF319E4438E00C05D28 /* UIColor+YAHexColor.h */ = {isa = PBXFileReference; fileEncoding = 4; lastKnownFileType = sourcecode.c.h; path = "UIColor+YAHexColor.h"; sourceTree = "<group>"; };
		75900CF419E4438E00C05D28 /* UIColor+YAHexColor.m */ = {isa = PBXFileReference; fileEncoding = 4; lastKnownFileType = sourcecode.c.objc; path = "UIColor+YAHexColor.m"; sourceTree = "<group>"; };
		75900CF619E4438E00C05D28 /* UIControl+YAUIKit.h */ = {isa = PBXFileReference; fileEncoding = 4; lastKnownFileType = sourcecode.c.h; path = "UIControl+YAUIKit.h"; sourceTree = "<group>"; };
		75900CF719E4438E00C05D28 /* UIControl+YAUIKit.m */ = {isa = PBXFileReference; fileEncoding = 4; lastKnownFileType = sourcecode.c.objc; path = "UIControl+YAUIKit.m"; sourceTree = "<group>"; };
		75900CF919E4438E00C05D28 /* UIFont+YAUIKit.h */ = {isa = PBXFileReference; fileEncoding = 4; lastKnownFileType = sourcecode.c.h; path = "UIFont+YAUIKit.h"; sourceTree = "<group>"; };
		75900CFA19E4438E00C05D28 /* UIFont+YAUIKit.m */ = {isa = PBXFileReference; fileEncoding = 4; lastKnownFileType = sourcecode.c.objc; path = "UIFont+YAUIKit.m"; sourceTree = "<group>"; };
		75900CFC19E4438E00C05D28 /* UIImage+YAColor.h */ = {isa = PBXFileReference; fileEncoding = 4; lastKnownFileType = sourcecode.c.h; path = "UIImage+YAColor.h"; sourceTree = "<group>"; };
		75900CFD19E4438E00C05D28 /* UIImage+YAColor.m */ = {isa = PBXFileReference; fileEncoding = 4; lastKnownFileType = sourcecode.c.objc; path = "UIImage+YAColor.m"; sourceTree = "<group>"; };
		75900CFE19E4438E00C05D28 /* UIImage+YAImageTransform.h */ = {isa = PBXFileReference; fileEncoding = 4; lastKnownFileType = sourcecode.c.h; path = "UIImage+YAImageTransform.h"; sourceTree = "<group>"; };
		75900CFF19E4438E00C05D28 /* UIImage+YAImageTransform.m */ = {isa = PBXFileReference; fileEncoding = 4; lastKnownFileType = sourcecode.c.objc; path = "UIImage+YAImageTransform.m"; sourceTree = "<group>"; };
		75900D0019E4438E00C05D28 /* UIImage+YAUIKit.h */ = {isa = PBXFileReference; fileEncoding = 4; lastKnownFileType = sourcecode.c.h; path = "UIImage+YAUIKit.h"; sourceTree = "<group>"; };
		75900D0119E4438E00C05D28 /* UIImage+YAUIKit.m */ = {isa = PBXFileReference; fileEncoding = 4; lastKnownFileType = sourcecode.c.objc; path = "UIImage+YAUIKit.m"; sourceTree = "<group>"; };
		75900D0319E4438E00C05D28 /* UINavigationController+YAAnimation.h */ = {isa = PBXFileReference; fileEncoding = 4; lastKnownFileType = sourcecode.c.h; path = "UINavigationController+YAAnimation.h"; sourceTree = "<group>"; };
		75900D0419E4438E00C05D28 /* UINavigationController+YAAnimation.m */ = {isa = PBXFileReference; fileEncoding = 4; lastKnownFileType = sourcecode.c.objc; path = "UINavigationController+YAAnimation.m"; sourceTree = "<group>"; };
		75900D0619E4438E00C05D28 /* UIView+YAUIKit.h */ = {isa = PBXFileReference; fileEncoding = 4; lastKnownFileType = sourcecode.c.h; path = "UIView+YAUIKit.h"; sourceTree = "<group>"; };
		75900D0719E4438E00C05D28 /* UIView+YAUIKit.m */ = {isa = PBXFileReference; fileEncoding = 4; lastKnownFileType = sourcecode.c.objc; path = "UIView+YAUIKit.m"; sourceTree = "<group>"; };
		75900D0919E4438E00C05D28 /* YASeparatorLine.h */ = {isa = PBXFileReference; fileEncoding = 4; lastKnownFileType = sourcecode.c.h; path = YASeparatorLine.h; sourceTree = "<group>"; };
		75900D0A19E4438E00C05D28 /* YASeparatorLine.m */ = {isa = PBXFileReference; fileEncoding = 4; lastKnownFileType = sourcecode.c.objc; path = YASeparatorLine.m; sourceTree = "<group>"; };
		75900D1719E4438E00C05D28 /* YAActionSheet.h */ = {isa = PBXFileReference; fileEncoding = 4; lastKnownFileType = sourcecode.c.h; path = YAActionSheet.h; sourceTree = "<group>"; };
		75900D1819E4438E00C05D28 /* YAActionSheet.m */ = {isa = PBXFileReference; fileEncoding = 4; lastKnownFileType = sourcecode.c.objc; path = YAActionSheet.m; sourceTree = "<group>"; };
		75900D1A19E4438E00C05D28 /* YAAlertView.h */ = {isa = PBXFileReference; fileEncoding = 4; lastKnownFileType = sourcecode.c.h; path = YAAlertView.h; sourceTree = "<group>"; };
		75900D1B19E4438E00C05D28 /* YAAlertView.m */ = {isa = PBXFileReference; fileEncoding = 4; lastKnownFileType = sourcecode.c.objc; path = YAAlertView.m; sourceTree = "<group>"; };
		75900D1D19E4438E00C05D28 /* YAPanBackController.h */ = {isa = PBXFileReference; fileEncoding = 4; lastKnownFileType = sourcecode.c.h; path = YAPanBackController.h; sourceTree = "<group>"; };
		75900D1E19E4438E00C05D28 /* YAPanBackController.m */ = {isa = PBXFileReference; fileEncoding = 4; lastKnownFileType = sourcecode.c.objc; path = YAPanBackController.m; sourceTree = "<group>"; };
		75900D2019E4438E00C05D28 /* YAPanController.h */ = {isa = PBXFileReference; fileEncoding = 4; lastKnownFileType = sourcecode.c.h; path = YAPanController.h; sourceTree = "<group>"; };
		75900D2119E4438E00C05D28 /* YAPanController.m */ = {isa = PBXFileReference; fileEncoding = 4; lastKnownFileType = sourcecode.c.objc; path = YAPanController.m; sourceTree = "<group>"; };
		75900D2319E4438E00C05D28 /* YAPlaceHolderTextView.h */ = {isa = PBXFileReference; fileEncoding = 4; lastKnownFileType = sourcecode.c.h; path = YAPlaceHolderTextView.h; sourceTree = "<group>"; };
		75900D2419E4438E00C05D28 /* YAPlaceHolderTextView.m */ = {isa = PBXFileReference; fileEncoding = 4; lastKnownFileType = sourcecode.c.objc; path = YAPlaceHolderTextView.m; sourceTree = "<group>"; };
		75900D2619E4438E00C05D28 /* YARefreshControl.h */ = {isa = PBXFileReference; fileEncoding = 4; lastKnownFileType = sourcecode.c.h; path = YARefreshControl.h; sourceTree = "<group>"; };
		75900D2719E4438E00C05D28 /* YARefreshControl.m */ = {isa = PBXFileReference; fileEncoding = 4; lastKnownFileType = sourcecode.c.objc; path = YARefreshControl.m; sourceTree = "<group>"; };
		75900D2819E4438E00C05D28 /* YARefreshView.h */ = {isa = PBXFileReference; fileEncoding = 4; lastKnownFileType = sourcecode.c.h; path = YARefreshView.h; sourceTree = "<group>"; };
		75900D2919E4438E00C05D28 /* YARefreshView.m */ = {isa = PBXFileReference; fileEncoding = 4; lastKnownFileType = sourcecode.c.objc; path = YARefreshView.m; sourceTree = "<group>"; };
		75900D2B19E4438E00C05D28 /* YARefreshIndicator.h */ = {isa = PBXFileReference; fileEncoding = 4; lastKnownFileType = sourcecode.c.h; path = YARefreshIndicator.h; sourceTree = "<group>"; };
		75900D2C19E4438E00C05D28 /* YARefreshIndicator.m */ = {isa = PBXFileReference; fileEncoding = 4; lastKnownFileType = sourcecode.c.objc; path = YARefreshIndicator.m; sourceTree = "<group>"; };
		75900D2D19E4438E00C05D28 /* YAUIKit.h */ = {isa = PBXFileReference; fileEncoding = 4; lastKnownFileType = sourcecode.c.h; path = YAUIKit.h; sourceTree = "<group>"; };
		75900D2E19E4438E00C05D28 /* YAUIKitTypeDef.h */ = {isa = PBXFileReference; fileEncoding = 4; lastKnownFileType = sourcecode.c.h; path = YAUIKitTypeDef.h; sourceTree = "<group>"; };
		75900D4619E445E500C05D28 /* YASkinManager.h */ = {isa = PBXFileReference; fileEncoding = 4; lastKnownFileType = sourcecode.c.h; path = YASkinManager.h; sourceTree = "<group>"; };
		75900D4719E445E500C05D28 /* YASkinManager.m */ = {isa = PBXFileReference; fileEncoding = 4; lastKnownFileType = sourcecode.c.objc; path = YASkinManager.m; sourceTree = "<group>"; };
		75900D4A19E448F100C05D28 /* YATableDataSource.h */ = {isa = PBXFileReference; fileEncoding = 4; lastKnownFileType = sourcecode.c.h; path = YATableDataSource.h; sourceTree = "<group>"; };
		75900D4B19E448F100C05D28 /* YATableDataSource.m */ = {isa = PBXFileReference; fileEncoding = 4; lastKnownFileType = sourcecode.c.objc; path = YATableDataSource.m; sourceTree = "<group>"; };
		75C15C2219EA70AA00E5C341 /* UIApplication+YAKeyboardWindow.h */ = {isa = PBXFileReference; fileEncoding = 4; lastKnownFileType = sourcecode.c.h; path = "UIApplication+YAKeyboardWindow.h"; sourceTree = "<group>"; };
		75C15C2319EA70AA00E5C341 /* UIApplication+YAKeyboardWindow.m */ = {isa = PBXFileReference; fileEncoding = 4; lastKnownFileType = sourcecode.c.objc; path = "UIApplication+YAKeyboardWindow.m"; sourceTree = "<group>"; };
		75D8F39D1B4D023300EBC7E9 /* UIColor+YAColorMixing.h */ = {isa = PBXFileReference; fileEncoding = 4; lastKnownFileType = sourcecode.c.h; path = "UIColor+YAColorMixing.h"; sourceTree = "<group>"; };
		75D8F39E1B4D023300EBC7E9 /* UIColor+YAColorMixing.m */ = {isa = PBXFileReference; fileEncoding = 4; lastKnownFileType = sourcecode.c.objc; path = "UIColor+YAColorMixing.m"; sourceTree = "<group>"; };
		75F9D1301B2A8DF800972CB5 /* UITableView+YAReusableCell.h */ = {isa = PBXFileReference; fileEncoding = 4; lastKnownFileType = sourcecode.c.h; path = "UITableView+YAReusableCell.h"; sourceTree = "<group>"; };
		75F9D1311B2A8DF800972CB5 /* UITableView+YAReusableCell.m */ = {isa = PBXFileReference; fileEncoding = 4; lastKnownFileType = sourcecode.c.objc; path = "UITableView+YAReusableCell.m"; sourceTree = "<group>"; };
/* End PBXFileReference section */

/* Begin PBXFrameworksBuildPhase section */
		4C5C3D721713E53D00F706A7 /* Frameworks */ = {
			isa = PBXFrameworksBuildPhase;
			buildActionMask = 2147483647;
			files = (
				7550608D1814D67A00E957DE /* CoreText.framework in Frameworks */,
				4C5C3DBD1713F50400F706A7 /* UIKit.framework in Frameworks */,
				4C5C3D791713E53D00F706A7 /* Foundation.framework in Frameworks */,
			);
			runOnlyForDeploymentPostprocessing = 0;
		};
		4C5C3D8C1713F3A400F706A7 /* Frameworks */ = {
			isa = PBXFrameworksBuildPhase;
			buildActionMask = 2147483647;
			files = (
				7508CF9E18BB3A7E001218CB /* Reveal.framework in Frameworks */,
				7550608E1814D68600E957DE /* CoreText.framework in Frameworks */,
				4C5C4303171E710D00391666 /* libYAUIKit.a in Frameworks */,
				4C5C3DF417146B7000F706A7 /* QuartzCore.framework in Frameworks */,
				4C5C3D911713F3A400F706A7 /* UIKit.framework in Frameworks */,
				4C5C3D921713F3A400F706A7 /* Foundation.framework in Frameworks */,
				4C5C3D941713F3A400F706A7 /* CoreGraphics.framework in Frameworks */,
			);
			runOnlyForDeploymentPostprocessing = 0;
		};
		7508CFAE18BB3A9B001218CB /* Frameworks */ = {
			isa = PBXFrameworksBuildPhase;
			buildActionMask = 2147483647;
			files = (
				7508CFAF18BB3A9B001218CB /* Reveal.framework in Frameworks */,
				7508CFB018BB3A9B001218CB /* CoreText.framework in Frameworks */,
				7508CFB118BB3A9B001218CB /* libYAUIKit.a in Frameworks */,
				7508CFB218BB3A9B001218CB /* QuartzCore.framework in Frameworks */,
				7508CFB318BB3A9B001218CB /* UIKit.framework in Frameworks */,
				7508CFB418BB3A9B001218CB /* Foundation.framework in Frameworks */,
				7508CFB518BB3A9B001218CB /* CoreGraphics.framework in Frameworks */,
			);
			runOnlyForDeploymentPostprocessing = 0;
		};
/* End PBXFrameworksBuildPhase section */

/* Begin PBXGroup section */
		4C59B9E3171548CC003B7FC2 /* AlertAndActionSheet */ = {
			isa = PBXGroup;
			children = (
				4C59B9E4171548E4003B7FC2 /* AlertAndASViewController.h */,
				4C59B9E5171548E4003B7FC2 /* AlertAndASViewController.m */,
				4C59B9E8171549FC003B7FC2 /* AlertAndASViewController.xib */,
			);
			path = AlertAndActionSheet;
			sourceTree = "<group>";
		};
		4C5C3D6C1713E53D00F706A7 = {
			isa = PBXGroup;
			children = (
				4C5C3D7A1713E53D00F706A7 /* YAUIKit */,
				4C5C3D951713F3A400F706A7 /* YAUIKitDemo */,
				4C5C3D771713E53D00F706A7 /* Frameworks */,
				4C5C3D761713E53D00F706A7 /* Products */,
				7508CFC718BB3A9B001218CB /* YAUIKitDemo copy-Info.plist */,
			);
			sourceTree = "<group>";
		};
		4C5C3D761713E53D00F706A7 /* Products */ = {
			isa = PBXGroup;
			children = (
				4C5C3D751713E53D00F706A7 /* libYAUIKit.a */,
				4C5C3D8F1713F3A400F706A7 /* YAUIKitDemo.app */,
				7508CFC618BB3A9B001218CB /* YAUIKitDemo-Reveal.app */,
			);
			name = Products;
			sourceTree = "<group>";
		};
		4C5C3D771713E53D00F706A7 /* Frameworks */ = {
			isa = PBXGroup;
			children = (
				7508CF9D18BB3A7E001218CB /* Reveal.framework */,
				7550608C1814D67A00E957DE /* CoreText.framework */,
				4C5C3DF317146B6F00F706A7 /* QuartzCore.framework */,
				4C5C3D781713E53D00F706A7 /* Foundation.framework */,
				4C5C3D901713F3A400F706A7 /* UIKit.framework */,
				4C5C3D931713F3A400F706A7 /* CoreGraphics.framework */,
			);
			name = Frameworks;
			sourceTree = "<group>";
		};
		4C5C3D7A1713E53D00F706A7 /* YAUIKit */ = {
			isa = PBXGroup;
			children = (
				75900CED19E4438E00C05D28 /* Source */,
				4C5C3D7B1713E53D00F706A7 /* Supporting Files */,
			);
			path = YAUIKit;
			sourceTree = "<group>";
		};
		4C5C3D7B1713E53D00F706A7 /* Supporting Files */ = {
			isa = PBXGroup;
			children = (
				4C5C3D7C1713E53D00F706A7 /* YAUIKit-Prefix.pch */,
			);
			name = "Supporting Files";
			sourceTree = "<group>";
		};
		4C5C3D951713F3A400F706A7 /* YAUIKitDemo */ = {
			isa = PBXGroup;
			children = (
				4C605018171D39F90051F41B /* PullRefreshViewController */,
				4C5D59BD171816ED00C948C2 /* BaseViewController */,
				4C5D59B31717C10100C948C2 /* SearchViewController */,
				4CEF06C71716AC5E00AD7913 /* ToggleViewController */,
				4C61123617165634006CC59B /* PickerViewController */,
				4C59B9E3171548CC003B7FC2 /* AlertAndActionSheet */,
				4C5C3DEC1714218700F706A7 /* PlaceHolderTextViewController */,
				4C5C3DE717141DC600F706A7 /* Extend */,
				4C59B9E71715490B003B7FC2 /* ViewControllerHeader.h */,
				4C5C3D9E1713F3A400F706A7 /* AppDelegate.h */,
				4C5C3D9F1713F3A400F706A7 /* AppDelegate.m */,
				4C5C3DA71713F3A400F706A7 /* ViewController.h */,
				4C5C3DA81713F3A400F706A7 /* ViewController.m */,
				4C5C3DAA1713F3A400F706A7 /* ViewController.xib */,
				4C5C3D961713F3A400F706A7 /* Supporting Files */,
			);
			path = YAUIKitDemo;
			sourceTree = "<group>";
		};
		4C5C3D961713F3A400F706A7 /* Supporting Files */ = {
			isa = PBXGroup;
			children = (
				4C5C3D971713F3A400F706A7 /* YAUIKitDemo-Info.plist */,
				4C5C3D981713F3A400F706A7 /* InfoPlist.strings */,
				4C5C3D9B1713F3A400F706A7 /* main.m */,
				4C5C3D9D1713F3A400F706A7 /* YAUIKitDemo-Prefix.pch */,
				4C5C3DA11713F3A400F706A7 /* Default.png */,
				4C5C3DA31713F3A400F706A7 /* Default@2x.png */,
				4C5C3DA51713F3A400F706A7 /* Default-568h@2x.png */,
			);
			name = "Supporting Files";
			sourceTree = "<group>";
		};
		4C5C3DE717141DC600F706A7 /* Extend */ = {
			isa = PBXGroup;
			children = (
				4C5C3DE817141E3B00F706A7 /* UINavigationController+Demo.h */,
				4C5C3DE917141E3B00F706A7 /* UINavigationController+Demo.m */,
			);
			path = Extend;
			sourceTree = "<group>";
		};
		4C5C3DEC1714218700F706A7 /* PlaceHolderTextViewController */ = {
			isa = PBXGroup;
			children = (
				4C5C3DED171421A100F706A7 /* PlaceHolderTextViewController.h */,
				4C5C3DEE171421A100F706A7 /* PlaceHolderTextViewController.m */,
				4C5C3DEF171421A100F706A7 /* PlaceHolderTextViewController.xib */,
			);
			path = PlaceHolderTextViewController;
			sourceTree = "<group>";
		};
		4C5D59B31717C10100C948C2 /* SearchViewController */ = {
			isa = PBXGroup;
			children = (
				4C5D59B41717C11800C948C2 /* SearchViewController.h */,
				4C5D59B51717C11800C948C2 /* SearchViewController.m */,
				4C5D59B61717C11800C948C2 /* SearchViewController.xib */,
			);
			path = SearchViewController;
			sourceTree = "<group>";
		};
		4C5D59BD171816ED00C948C2 /* BaseViewController */ = {
			isa = PBXGroup;
			children = (
				4C5D59BE171816FA00C948C2 /* BaseViewController.h */,
				4C5D59BF171816FA00C948C2 /* BaseViewController.m */,
			);
			path = BaseViewController;
			sourceTree = "<group>";
		};
		4C605018171D39F90051F41B /* PullRefreshViewController */ = {
			isa = PBXGroup;
			children = (
				4C605019171D3A0F0051F41B /* PullRefreshViewController.h */,
				4C60501A171D3A0F0051F41B /* PullRefreshViewController.m */,
			);
			path = PullRefreshViewController;
			sourceTree = "<group>";
		};
		4C61123617165634006CC59B /* PickerViewController */ = {
			isa = PBXGroup;
			children = (
				4C61123717165644006CC59B /* PickerViewController.h */,
				4C61123817165644006CC59B /* PickerViewController.m */,
				4C61123917165644006CC59B /* PickerViewController.xib */,
			);
			path = PickerViewController;
			sourceTree = "<group>";
		};
		4CEF06C71716AC5E00AD7913 /* ToggleViewController */ = {
			isa = PBXGroup;
			children = (
				4CEF06C81716AC8F00AD7913 /* ToggleViewController.h */,
				4CEF06C91716AC8F00AD7913 /* ToggleViewController.m */,
			);
			path = ToggleViewController;
			sourceTree = "<group>";
		};
		753BBA051A3AA18A00D4A50E /* YAInfiniteScroll */ = {
			isa = PBXGroup;
			children = (
				753BBA061A3AA18A00D4A50E /* YAInfiniteScroll.h */,
				753BBA071A3AA18A00D4A50E /* YAInfiniteScroll.m */,
			);
			path = YAInfiniteScroll;
			sourceTree = "<group>";
		};
		7543F9D61A2342C0008178C8 /* TextEditor */ = {
			isa = PBXGroup;
			children = (
				7543F9D71A2342C0008178C8 /* YATextEditorViewController.h */,
				7543F9D81A2342C0008178C8 /* YATextEditorViewController.m */,
			);
			path = TextEditor;
			sourceTree = "<group>";
		};
		7557F79819E9A73F00153B2E /* TableViewController */ = {
			isa = PBXGroup;
			children = (
				7557F79919E9A75800153B2E /* YATableViewController.h */,
				7557F79A19E9A75800153B2E /* YATableViewController.m */,
			);
			path = TableViewController;
			sourceTree = "<group>";
		};
		7571AB3A1C23E8BA008DCBA4 /* UIGestureRecognizer */ = {
			isa = PBXGroup;
			children = (
				7571AB3B1C23E8CA008DCBA4 /* UIGestureRecognizer+YABlockAction.h */,
				7571AB3C1C23E8CA008DCBA4 /* UIGestureRecognizer+YABlockAction.m */,
			);
			path = UIGestureRecognizer;
			sourceTree = "<group>";
		};
		7571AB3E1C23EA33008DCBA4 /* UIScrollView */ = {
			isa = PBXGroup;
			children = (
				7571AB3F1C23EA40008DCBA4 /* UIScrollView+YAScroll.h */,
				7571AB401C23EA40008DCBA4 /* UIScrollView+YAScroll.m */,
			);
			path = UIScrollView;
			sourceTree = "<group>";
		};
		7571AB421C23F046008DCBA4 /* UIWindow */ = {
			isa = PBXGroup;
			children = (
				7571AB431C23F07D008DCBA4 /* UIWindow+YAHierarchy.h */,
				7571AB441C23F07D008DCBA4 /* UIWindow+YAHierarchy.m */,
			);
			path = UIWindow;
			sourceTree = "<group>";
		};
		7571AB461C23FA23008DCBA4 /* UIDevice */ = {
			isa = PBXGroup;
			children = (
				7571AB471C23FA47008DCBA4 /* UIDevice+YAInfo.h */,
				7571AB481C23FA47008DCBA4 /* UIDevice+YAInfo.m */,
			);
			path = UIDevice;
			sourceTree = "<group>";
		};
		75900CED19E4438E00C05D28 /* Source */ = {
			isa = PBXGroup;
			children = (
				75900D2D19E4438E00C05D28 /* YAUIKit.h */,
				75900D2E19E4438E00C05D28 /* YAUIKitTypeDef.h */,
				753BBA051A3AA18A00D4A50E /* YAInfiniteScroll */,
				7543F9D61A2342C0008178C8 /* TextEditor */,
				7557F79819E9A73F00153B2E /* TableViewController */,
				75900D4919E448F100C05D28 /* DataSource */,
				75900D4519E445E500C05D28 /* SkinManager */,
				75900D0819E4438E00C05D28 /* SeparatorLine */,
				75900D1619E4438E00C05D28 /* YAActionSheet */,
				75900D1919E4438E00C05D28 /* YAAlertView */,
				75900D1C19E4438E00C05D28 /* YAPanBackController */,
				75900D1F19E4438E00C05D28 /* YAPanController */,
				75900D2219E4438E00C05D28 /* YAPlaceHolderTextView */,
				75900D2519E4438E00C05D28 /* YARefreshControl */,
				75900D2A19E4438E00C05D28 /* YARefreshIndicator */,
				75900CEE19E4438E00C05D28 /* Extend */,
			);
			name = Source;
			path = ../../Source;
			sourceTree = "<group>";
		};
		75900CEE19E4438E00C05D28 /* Extend */ = {
			isa = PBXGroup;
			children = (
				7571AB461C23FA23008DCBA4 /* UIDevice */,
				7571AB421C23F046008DCBA4 /* UIWindow */,
				7571AB3E1C23EA33008DCBA4 /* UIScrollView */,
				7571AB3A1C23E8BA008DCBA4 /* UIGestureRecognizer */,
				75C710881B2A8D7C00901AA7 /* UITableView */,
				75C15C2119EA709E00E5C341 /* UIApplication */,
				75900CEF19E4438E00C05D28 /* UIBarButtonItem */,
				75900CF219E4438E00C05D28 /* UIColor */,
				75900CF519E4438E00C05D28 /* UIControl */,
				75900CF819E4438E00C05D28 /* UIFont */,
				75900CFB19E4438E00C05D28 /* UIImage */,
				75900D0219E4438E00C05D28 /* UINavigationController */,
				75900D0519E4438E00C05D28 /* UIView */,
			);
			path = Extend;
			sourceTree = "<group>";
		};
		75900CEF19E4438E00C05D28 /* UIBarButtonItem */ = {
			isa = PBXGroup;
			children = (
				75900CF019E4438E00C05D28 /* UIBarButtonItem+YAItemFactory.h */,
				75900CF119E4438E00C05D28 /* UIBarButtonItem+YAItemFactory.m */,
			);
			path = UIBarButtonItem;
			sourceTree = "<group>";
		};
		75900CF219E4438E00C05D28 /* UIColor */ = {
			isa = PBXGroup;
			children = (
				75D8F39D1B4D023300EBC7E9 /* UIColor+YAColorMixing.h */,
				75D8F39E1B4D023300EBC7E9 /* UIColor+YAColorMixing.m */,
				75900CF319E4438E00C05D28 /* UIColor+YAHexColor.h */,
				75900CF419E4438E00C05D28 /* UIColor+YAHexColor.m */,
			);
			path = UIColor;
			sourceTree = "<group>";
		};
		75900CF519E4438E00C05D28 /* UIControl */ = {
			isa = PBXGroup;
			children = (
				75900CF619E4438E00C05D28 /* UIControl+YAUIKit.h */,
				75900CF719E4438E00C05D28 /* UIControl+YAUIKit.m */,
			);
			path = UIControl;
			sourceTree = "<group>";
		};
		75900CF819E4438E00C05D28 /* UIFont */ = {
			isa = PBXGroup;
			children = (
				75900CF919E4438E00C05D28 /* UIFont+YAUIKit.h */,
				75900CFA19E4438E00C05D28 /* UIFont+YAUIKit.m */,
			);
			path = UIFont;
			sourceTree = "<group>";
		};
		75900CFB19E4438E00C05D28 /* UIImage */ = {
			isa = PBXGroup;
			children = (
				75900CFC19E4438E00C05D28 /* UIImage+YAColor.h */,
				75900CFD19E4438E00C05D28 /* UIImage+YAColor.m */,
				75900CFE19E4438E00C05D28 /* UIImage+YAImageTransform.h */,
				75900CFF19E4438E00C05D28 /* UIImage+YAImageTransform.m */,
				75900D0019E4438E00C05D28 /* UIImage+YAUIKit.h */,
				75900D0119E4438E00C05D28 /* UIImage+YAUIKit.m */,
				7571AB4A1C23FBFE008DCBA4 /* UIImage+YAScreenImage.h */,
				7571AB4B1C23FBFE008DCBA4 /* UIImage+YAScreenImage.m */,
			);
			path = UIImage;
			sourceTree = "<group>";
		};
		75900D0219E4438E00C05D28 /* UINavigationController */ = {
			isa = PBXGroup;
			children = (
				75900D0319E4438E00C05D28 /* UINavigationController+YAAnimation.h */,
				75900D0419E4438E00C05D28 /* UINavigationController+YAAnimation.m */,
			);
			path = UINavigationController;
			sourceTree = "<group>";
		};
		75900D0519E4438E00C05D28 /* UIView */ = {
			isa = PBXGroup;
			children = (
				75900D0619E4438E00C05D28 /* UIView+YAUIKit.h */,
				75900D0719E4438E00C05D28 /* UIView+YAUIKit.m */,
			);
			path = UIView;
			sourceTree = "<group>";
		};
		75900D0819E4438E00C05D28 /* SeparatorLine */ = {
			isa = PBXGroup;
			children = (
				75900D0919E4438E00C05D28 /* YASeparatorLine.h */,
				75900D0A19E4438E00C05D28 /* YASeparatorLine.m */,
			);
			path = SeparatorLine;
			sourceTree = "<group>";
		};
		75900D1619E4438E00C05D28 /* YAActionSheet */ = {
			isa = PBXGroup;
			children = (
				75900D1719E4438E00C05D28 /* YAActionSheet.h */,
				75900D1819E4438E00C05D28 /* YAActionSheet.m */,
			);
			path = YAActionSheet;
			sourceTree = "<group>";
		};
		75900D1919E4438E00C05D28 /* YAAlertView */ = {
			isa = PBXGroup;
			children = (
				75900D1A19E4438E00C05D28 /* YAAlertView.h */,
				75900D1B19E4438E00C05D28 /* YAAlertView.m */,
			);
			path = YAAlertView;
			sourceTree = "<group>";
		};
		75900D1C19E4438E00C05D28 /* YAPanBackController */ = {
			isa = PBXGroup;
			children = (
				75900D1D19E4438E00C05D28 /* YAPanBackController.h */,
				75900D1E19E4438E00C05D28 /* YAPanBackController.m */,
			);
			path = YAPanBackController;
			sourceTree = "<group>";
		};
		75900D1F19E4438E00C05D28 /* YAPanController */ = {
			isa = PBXGroup;
			children = (
				75900D2019E4438E00C05D28 /* YAPanController.h */,
				75900D2119E4438E00C05D28 /* YAPanController.m */,
			);
			path = YAPanController;
			sourceTree = "<group>";
		};
		75900D2219E4438E00C05D28 /* YAPlaceHolderTextView */ = {
			isa = PBXGroup;
			children = (
				75900D2319E4438E00C05D28 /* YAPlaceHolderTextView.h */,
				75900D2419E4438E00C05D28 /* YAPlaceHolderTextView.m */,
			);
			path = YAPlaceHolderTextView;
			sourceTree = "<group>";
		};
		75900D2519E4438E00C05D28 /* YARefreshControl */ = {
			isa = PBXGroup;
			children = (
				75900D2619E4438E00C05D28 /* YARefreshControl.h */,
				75900D2719E4438E00C05D28 /* YARefreshControl.m */,
				75900D2819E4438E00C05D28 /* YARefreshView.h */,
				75900D2919E4438E00C05D28 /* YARefreshView.m */,
			);
			path = YARefreshControl;
			sourceTree = "<group>";
		};
		75900D2A19E4438E00C05D28 /* YARefreshIndicator */ = {
			isa = PBXGroup;
			children = (
				75900D2B19E4438E00C05D28 /* YARefreshIndicator.h */,
				75900D2C19E4438E00C05D28 /* YARefreshIndicator.m */,
			);
			path = YARefreshIndicator;
			sourceTree = "<group>";
		};
		75900D4519E445E500C05D28 /* SkinManager */ = {
			isa = PBXGroup;
			children = (
				75900D4619E445E500C05D28 /* YASkinManager.h */,
				75900D4719E445E500C05D28 /* YASkinManager.m */,
			);
			path = SkinManager;
			sourceTree = "<group>";
		};
		75900D4919E448F100C05D28 /* DataSource */ = {
			isa = PBXGroup;
			children = (
				75900D4A19E448F100C05D28 /* YATableDataSource.h */,
				75900D4B19E448F100C05D28 /* YATableDataSource.m */,
			);
			path = DataSource;
			sourceTree = "<group>";
		};
		75C15C2119EA709E00E5C341 /* UIApplication */ = {
			isa = PBXGroup;
			children = (
				75C15C2219EA70AA00E5C341 /* UIApplication+YAKeyboardWindow.h */,
				75C15C2319EA70AA00E5C341 /* UIApplication+YAKeyboardWindow.m */,
			);
			path = UIApplication;
			sourceTree = "<group>";
		};
		75C710881B2A8D7C00901AA7 /* UITableView */ = {
			isa = PBXGroup;
			children = (
				75F9D1301B2A8DF800972CB5 /* UITableView+YAReusableCell.h */,
				75F9D1311B2A8DF800972CB5 /* UITableView+YAReusableCell.m */,
			);
			path = UITableView;
			sourceTree = "<group>";
		};
/* End PBXGroup section */

/* Begin PBXNativeTarget section */
		4C5C3D741713E53D00F706A7 /* YAUIKit */ = {
			isa = PBXNativeTarget;
			buildConfigurationList = 4C5C3D831713E53D00F706A7 /* Build configuration list for PBXNativeTarget "YAUIKit" */;
			buildPhases = (
				4C5C3D711713E53D00F706A7 /* Sources */,
				4C5C3D721713E53D00F706A7 /* Frameworks */,
				4C5C3D731713E53D00F706A7 /* CopyFiles */,
			);
			buildRules = (
			);
			dependencies = (
			);
			name = YAUIKit;
			productName = YAUIKit;
			productReference = 4C5C3D751713E53D00F706A7 /* libYAUIKit.a */;
			productType = "com.apple.product-type.library.static";
		};
		4C5C3D8E1713F3A400F706A7 /* YAUIKitDemo */ = {
			isa = PBXNativeTarget;
			buildConfigurationList = 4C5C3DAD1713F3A400F706A7 /* Build configuration list for PBXNativeTarget "YAUIKitDemo" */;
			buildPhases = (
				4C5C3D8B1713F3A400F706A7 /* Sources */,
				4C5C3D8C1713F3A400F706A7 /* Frameworks */,
				4C5C3D8D1713F3A400F706A7 /* Resources */,
			);
			buildRules = (
			);
			dependencies = (
				4C5C4302171E710A00391666 /* PBXTargetDependency */,
			);
			name = YAUIKitDemo;
			productName = YAUIKitDemo;
			productReference = 4C5C3D8F1713F3A400F706A7 /* YAUIKitDemo.app */;
			productType = "com.apple.product-type.application";
		};
		7508CF9F18BB3A9B001218CB /* YAUIKitDemo-Reveal */ = {
			isa = PBXNativeTarget;
			buildConfigurationList = 7508CFC318BB3A9B001218CB /* Build configuration list for PBXNativeTarget "YAUIKitDemo-Reveal" */;
			buildPhases = (
				7508CFA218BB3A9B001218CB /* Sources */,
				7508CFAE18BB3A9B001218CB /* Frameworks */,
				7508CFB618BB3A9B001218CB /* Resources */,
			);
			buildRules = (
			);
			dependencies = (
				7508CFA018BB3A9B001218CB /* PBXTargetDependency */,
			);
			name = "YAUIKitDemo-Reveal";
			productName = YAUIKitDemo;
			productReference = 7508CFC618BB3A9B001218CB /* YAUIKitDemo-Reveal.app */;
			productType = "com.apple.product-type.application";
		};
/* End PBXNativeTarget section */

/* Begin PBXProject section */
		4C5C3D6D1713E53D00F706A7 /* Project object */ = {
			isa = PBXProject;
			attributes = {
				LastUpgradeCheck = 0460;
				ORGANIZATIONNAME = "liu yan";
				TargetAttributes = {
					4C5C3D8E1713F3A400F706A7 = {
						DevelopmentTeam = 5DS6P2KWFQ;
					};
				};
			};
			buildConfigurationList = 4C5C3D701713E53D00F706A7 /* Build configuration list for PBXProject "YAUIKit" */;
			compatibilityVersion = "Xcode 3.2";
			developmentRegion = English;
			hasScannedForEncodings = 0;
			knownRegions = (
				en,
			);
			mainGroup = 4C5C3D6C1713E53D00F706A7;
			productRefGroup = 4C5C3D761713E53D00F706A7 /* Products */;
			projectDirPath = "";
			projectRoot = "";
			targets = (
				4C5C3D741713E53D00F706A7 /* YAUIKit */,
				4C5C3D8E1713F3A400F706A7 /* YAUIKitDemo */,
				7508CF9F18BB3A9B001218CB /* YAUIKitDemo-Reveal */,
			);
		};
/* End PBXProject section */

/* Begin PBXResourcesBuildPhase section */
		4C5C3D8D1713F3A400F706A7 /* Resources */ = {
			isa = PBXResourcesBuildPhase;
			buildActionMask = 2147483647;
			files = (
				4C5C3D9A1713F3A400F706A7 /* InfoPlist.strings in Resources */,
				4C5C3DA21713F3A400F706A7 /* Default.png in Resources */,
				4C5C3DA41713F3A400F706A7 /* Default@2x.png in Resources */,
				4C5C3DA61713F3A400F706A7 /* Default-568h@2x.png in Resources */,
				4C5C3DAC1713F3A400F706A7 /* ViewController.xib in Resources */,
				4C5C3DF1171421A100F706A7 /* PlaceHolderTextViewController.xib in Resources */,
				4C59B9E9171549FD003B7FC2 /* AlertAndASViewController.xib in Resources */,
				4C61123B17165644006CC59B /* PickerViewController.xib in Resources */,
				4C5D59B81717C11800C948C2 /* SearchViewController.xib in Resources */,
			);
			runOnlyForDeploymentPostprocessing = 0;
		};
		7508CFB618BB3A9B001218CB /* Resources */ = {
			isa = PBXResourcesBuildPhase;
			buildActionMask = 2147483647;
			files = (
				7508CFB718BB3A9B001218CB /* InfoPlist.strings in Resources */,
				7508CFB818BB3A9B001218CB /* Default.png in Resources */,
				7508CFB918BB3A9B001218CB /* Default@2x.png in Resources */,
				7508CFBA18BB3A9B001218CB /* Default-568h@2x.png in Resources */,
				7508CFBB18BB3A9B001218CB /* ViewController.xib in Resources */,
				7508CFBC18BB3A9B001218CB /* PlaceHolderTextViewController.xib in Resources */,
				7508CFBD18BB3A9B001218CB /* AlertAndASViewController.xib in Resources */,
				7508CFBE18BB3A9B001218CB /* PickerViewController.xib in Resources */,
				7508CFC218BB3A9B001218CB /* SearchViewController.xib in Resources */,
			);
			runOnlyForDeploymentPostprocessing = 0;
		};
/* End PBXResourcesBuildPhase section */

/* Begin PBXSourcesBuildPhase section */
		4C5C3D711713E53D00F706A7 /* Sources */ = {
			isa = PBXSourcesBuildPhase;
			buildActionMask = 2147483647;
			files = (
				75900D3819E4438E00C05D28 /* YASeparatorLine.m in Sources */,
				75D8F39F1B4D023300EBC7E9 /* UIColor+YAColorMixing.m in Sources */,
				75900D2F19E4438E00C05D28 /* UIBarButtonItem+YAItemFactory.m in Sources */,
				7543F9D91A2342C0008178C8 /* YATextEditorViewController.m in Sources */,
				75900D3119E4438E00C05D28 /* UIControl+YAUIKit.m in Sources */,
				75900D4319E4438E00C05D28 /* YARefreshView.m in Sources */,
				75900D3F19E4438E00C05D28 /* YAPanBackController.m in Sources */,
				7571AB451C23F07D008DCBA4 /* UIWindow+YAHierarchy.m in Sources */,
				75900D3419E4438E00C05D28 /* UIImage+YAImageTransform.m in Sources */,
				75900D3E19E4438E00C05D28 /* YAAlertView.m in Sources */,
				7571AB3D1C23E8CA008DCBA4 /* UIGestureRecognizer+YABlockAction.m in Sources */,
				75900D3D19E4438E00C05D28 /* YAActionSheet.m in Sources */,
				75C15C2419EA70AA00E5C341 /* UIApplication+YAKeyboardWindow.m in Sources */,
				75900D3719E4438E00C05D28 /* UIView+YAUIKit.m in Sources */,
				75900D4119E4438E00C05D28 /* YAPlaceHolderTextView.m in Sources */,
				753BBA081A3AA18A00D4A50E /* YAInfiniteScroll.m in Sources */,
				75900D3019E4438E00C05D28 /* UIColor+YAHexColor.m in Sources */,
				7571AB491C23FA47008DCBA4 /* UIDevice+YAInfo.m in Sources */,
				75900D4019E4438E00C05D28 /* YAPanController.m in Sources */,
				7557F79B19E9A75800153B2E /* YATableViewController.m in Sources */,
				7571AB4C1C23FBFE008DCBA4 /* UIImage+YAScreenImage.m in Sources */,
				7571AB411C23EA40008DCBA4 /* UIScrollView+YAScroll.m in Sources */,
				75900D3519E4438E00C05D28 /* UIImage+YAUIKit.m in Sources */,
				75900D4219E4438E00C05D28 /* YARefreshControl.m in Sources */,
				75900D3219E4438E00C05D28 /* UIFont+YAUIKit.m in Sources */,
				75900D4419E4438E00C05D28 /* YARefreshIndicator.m in Sources */,
				75F9D1321B2A8DF800972CB5 /* UITableView+YAReusableCell.m in Sources */,
				75900D3619E4438E00C05D28 /* UINavigationController+YAAnimation.m in Sources */,
				75900D3319E4438E00C05D28 /* UIImage+YAColor.m in Sources */,
				75900D4819E445E500C05D28 /* YASkinManager.m in Sources */,
				75900D4C19E448F100C05D28 /* YATableDataSource.m in Sources */,
			);
			runOnlyForDeploymentPostprocessing = 0;
		};
		4C5C3D8B1713F3A400F706A7 /* Sources */ = {
			isa = PBXSourcesBuildPhase;
			buildActionMask = 2147483647;
			files = (
				4C5C3D9C1713F3A400F706A7 /* main.m in Sources */,
				4C5C3DA01713F3A400F706A7 /* AppDelegate.m in Sources */,
				4C5C3DA91713F3A400F706A7 /* ViewController.m in Sources */,
				4C5C3DEA17141E3B00F706A7 /* UINavigationController+Demo.m in Sources */,
				4C5C3DF0171421A100F706A7 /* PlaceHolderTextViewController.m in Sources */,
				4C59B9E6171548E4003B7FC2 /* AlertAndASViewController.m in Sources */,
				4C61123A17165644006CC59B /* PickerViewController.m in Sources */,
				4CEF06CA1716AC8F00AD7913 /* ToggleViewController.m in Sources */,
				4C5D59B71717C11800C948C2 /* SearchViewController.m in Sources */,
				4C5D59C0171816FA00C948C2 /* BaseViewController.m in Sources */,
				4C60501C171D3A0F0051F41B /* PullRefreshViewController.m in Sources */,
			);
			runOnlyForDeploymentPostprocessing = 0;
		};
		7508CFA218BB3A9B001218CB /* Sources */ = {
			isa = PBXSourcesBuildPhase;
			buildActionMask = 2147483647;
			files = (
				7508CFA318BB3A9B001218CB /* main.m in Sources */,
				7508CFA418BB3A9B001218CB /* AppDelegate.m in Sources */,
				7508CFA518BB3A9B001218CB /* ViewController.m in Sources */,
				7508CFA618BB3A9B001218CB /* UINavigationController+Demo.m in Sources */,
				7508CFA718BB3A9B001218CB /* PlaceHolderTextViewController.m in Sources */,
				7508CFA818BB3A9B001218CB /* AlertAndASViewController.m in Sources */,
				7508CFA918BB3A9B001218CB /* PickerViewController.m in Sources */,
				7508CFAA18BB3A9B001218CB /* ToggleViewController.m in Sources */,
				7508CFAB18BB3A9B001218CB /* SearchViewController.m in Sources */,
				7508CFAC18BB3A9B001218CB /* BaseViewController.m in Sources */,
				7508CFAD18BB3A9B001218CB /* PullRefreshViewController.m in Sources */,
			);
			runOnlyForDeploymentPostprocessing = 0;
		};
/* End PBXSourcesBuildPhase section */

/* Begin PBXTargetDependency section */
		4C5C4302171E710A00391666 /* PBXTargetDependency */ = {
			isa = PBXTargetDependency;
			target = 4C5C3D741713E53D00F706A7 /* YAUIKit */;
			targetProxy = 4C5C4301171E710A00391666 /* PBXContainerItemProxy */;
		};
		7508CFA018BB3A9B001218CB /* PBXTargetDependency */ = {
			isa = PBXTargetDependency;
			target = 4C5C3D741713E53D00F706A7 /* YAUIKit */;
			targetProxy = 7508CFA118BB3A9B001218CB /* PBXContainerItemProxy */;
		};
/* End PBXTargetDependency section */

/* Begin PBXVariantGroup section */
		4C5C3D981713F3A400F706A7 /* InfoPlist.strings */ = {
			isa = PBXVariantGroup;
			children = (
				4C5C3D991713F3A400F706A7 /* en */,
			);
			name = InfoPlist.strings;
			sourceTree = "<group>";
		};
		4C5C3DAA1713F3A400F706A7 /* ViewController.xib */ = {
			isa = PBXVariantGroup;
			children = (
				4C5C3DAB1713F3A400F706A7 /* en */,
			);
			name = ViewController.xib;
			sourceTree = "<group>";
		};
/* End PBXVariantGroup section */

/* Begin XCBuildConfiguration section */
		4C5C3D811713E53D00F706A7 /* Debug */ = {
			isa = XCBuildConfiguration;
			buildSettings = {
				ALWAYS_SEARCH_USER_PATHS = YES;
				CLANG_CXX_LANGUAGE_STANDARD = "gnu++0x";
				CLANG_CXX_LIBRARY = "libc++";
				CLANG_ENABLE_OBJC_ARC = YES;
				CLANG_WARN_CONSTANT_CONVERSION = YES;
				CLANG_WARN_EMPTY_BODY = YES;
				CLANG_WARN_ENUM_CONVERSION = YES;
				CLANG_WARN_INT_CONVERSION = YES;
				CLANG_WARN__DUPLICATE_METHOD_MATCH = YES;
				COPY_PHASE_STRIP = NO;
				FRAMEWORK_SEARCH_PATHS = "";
				GCC_C_LANGUAGE_STANDARD = gnu99;
				GCC_DYNAMIC_NO_PIC = NO;
				GCC_OPTIMIZATION_LEVEL = 0;
				GCC_PREPROCESSOR_DEFINITIONS = (
					"DEBUG=1",
					"$(inherited)",
				);
				GCC_SYMBOLS_PRIVATE_EXTERN = NO;
				GCC_WARN_ABOUT_RETURN_TYPE = YES;
				GCC_WARN_UNINITIALIZED_AUTOS = YES;
				GCC_WARN_UNUSED_VARIABLE = YES;
				HEADER_SEARCH_PATHS = "";
				IPHONEOS_DEPLOYMENT_TARGET = 4.3;
				LIBRARY_SEARCH_PATHS = "";
				ONLY_ACTIVE_ARCH = YES;
				SDKROOT = iphoneos;
				USER_HEADER_SEARCH_PATHS = "${SRCROOT}/../Dependency/**";
			};
			name = Debug;
		};
		4C5C3D821713E53D00F706A7 /* Release */ = {
			isa = XCBuildConfiguration;
			buildSettings = {
				ALWAYS_SEARCH_USER_PATHS = YES;
				CLANG_CXX_LANGUAGE_STANDARD = "gnu++0x";
				CLANG_CXX_LIBRARY = "libc++";
				CLANG_ENABLE_OBJC_ARC = YES;
				CLANG_WARN_CONSTANT_CONVERSION = YES;
				CLANG_WARN_EMPTY_BODY = YES;
				CLANG_WARN_ENUM_CONVERSION = YES;
				CLANG_WARN_INT_CONVERSION = YES;
				CLANG_WARN__DUPLICATE_METHOD_MATCH = YES;
				COPY_PHASE_STRIP = YES;
				FRAMEWORK_SEARCH_PATHS = "";
				GCC_C_LANGUAGE_STANDARD = gnu99;
				GCC_WARN_ABOUT_RETURN_TYPE = YES;
				GCC_WARN_UNINITIALIZED_AUTOS = YES;
				GCC_WARN_UNUSED_VARIABLE = YES;
				HEADER_SEARCH_PATHS = "";
				IPHONEOS_DEPLOYMENT_TARGET = 4.3;
				LIBRARY_SEARCH_PATHS = "";
				SDKROOT = iphoneos;
				USER_HEADER_SEARCH_PATHS = "${SRCROOT}/../Dependency/**";
				VALIDATE_PRODUCT = YES;
			};
			name = Release;
		};
		4C5C3D841713E53D00F706A7 /* Debug */ = {
			isa = XCBuildConfiguration;
			buildSettings = {
				DSTROOT = /tmp/YAUIKit.dst;
				FRAMEWORK_SEARCH_PATHS = "";
				GCC_PRECOMPILE_PREFIX_HEADER = YES;
				GCC_PREFIX_HEADER = "YAUIKit/YAUIKit-Prefix.pch";
				HEADER_SEARCH_PATHS = "${SRCROOT}/../Dependency/**";
				IPHONEOS_DEPLOYMENT_TARGET = 5.0;
				LIBRARY_SEARCH_PATHS = "";
				ONLY_ACTIVE_ARCH = NO;
				OTHER_LDFLAGS = (
					"-ObjC",
					"-all_load",
				);
				PRODUCT_NAME = "$(TARGET_NAME)";
				PUBLIC_HEADERS_FOLDER_PATH = "../$(TARGET_NAME)";
				SKIP_INSTALL = YES;
				USER_HEADER_SEARCH_PATHS = "";
			};
			name = Debug;
		};
		4C5C3D851713E53D00F706A7 /* Release */ = {
			isa = XCBuildConfiguration;
			buildSettings = {
				DSTROOT = /tmp/YAUIKit.dst;
				FRAMEWORK_SEARCH_PATHS = "";
				GCC_PRECOMPILE_PREFIX_HEADER = YES;
				GCC_PREFIX_HEADER = "YAUIKit/YAUIKit-Prefix.pch";
				HEADER_SEARCH_PATHS = "${SRCROOT}/../Dependency/**";
				IPHONEOS_DEPLOYMENT_TARGET = 5.0;
				LIBRARY_SEARCH_PATHS = "";
				OTHER_LDFLAGS = (
					"-ObjC",
					"-all_load",
				);
				PRODUCT_NAME = "$(TARGET_NAME)";
				PUBLIC_HEADERS_FOLDER_PATH = "../$(TARGET_NAME)";
				SKIP_INSTALL = YES;
				USER_HEADER_SEARCH_PATHS = "";
			};
			name = Release;
		};
		4C5C3DAE1713F3A400F706A7 /* Debug */ = {
			isa = XCBuildConfiguration;
			buildSettings = {
				ALWAYS_SEARCH_USER_PATHS = NO;
				CODE_SIGN_IDENTITY = "iPhone Developer";
				"CODE_SIGN_IDENTITY[sdk=iphoneos*]" = "iPhone Developer";
				FRAMEWORK_SEARCH_PATHS = /Users/Candyan/Douban/Mobile/Library/YAUIKit/YAUIKit;
				GCC_PRECOMPILE_PREFIX_HEADER = YES;
				GCC_PREFIX_HEADER = "YAUIKitDemo/YAUIKitDemo-Prefix.pch";
				HEADER_SEARCH_PATHS = "${SRCROOT}/../Dependency/**";
				INFOPLIST_FILE = "YAUIKitDemo/YAUIKitDemo-Info.plist";
				IPHONEOS_DEPLOYMENT_TARGET = 5.0;
				LIBRARY_SEARCH_PATHS = "";
				OTHER_LDFLAGS = (
					"-Objc",
					"-all_load",
				);
				PRODUCT_NAME = "$(TARGET_NAME)";
				PROVISIONING_PROFILE = "";
				USER_HEADER_SEARCH_PATHS = "";
				WRAPPER_EXTENSION = app;
			};
			name = Debug;
		};
		4C5C3DAF1713F3A400F706A7 /* Release */ = {
			isa = XCBuildConfiguration;
			buildSettings = {
				ALWAYS_SEARCH_USER_PATHS = NO;
				CODE_SIGN_IDENTITY = "iPhone Distribution";
				"CODE_SIGN_IDENTITY[sdk=iphoneos*]" = "iPhone Distribution";
				FRAMEWORK_SEARCH_PATHS = /Users/Candyan/Douban/Mobile/Library/YAUIKit/YAUIKit;
				GCC_PRECOMPILE_PREFIX_HEADER = YES;
				GCC_PREFIX_HEADER = "YAUIKitDemo/YAUIKitDemo-Prefix.pch";
				HEADER_SEARCH_PATHS = "${SRCROOT}/../Dependency/**";
				INFOPLIST_FILE = "YAUIKitDemo/YAUIKitDemo-Info.plist";
				IPHONEOS_DEPLOYMENT_TARGET = 5.0;
				LIBRARY_SEARCH_PATHS = "";
				OTHER_CFLAGS = "-DNS_BLOCK_ASSERTIONS=1";
				OTHER_LDFLAGS = (
					"-Objc",
					"-all_load",
				);
				PRODUCT_NAME = "$(TARGET_NAME)";
				PROVISIONING_PROFILE = "";
				USER_HEADER_SEARCH_PATHS = "";
				WRAPPER_EXTENSION = app;
			};
			name = Release;
		};
		7508CFC418BB3A9B001218CB /* Debug */ = {
			isa = XCBuildConfiguration;
			buildSettings = {
				ALWAYS_SEARCH_USER_PATHS = NO;
				CODE_SIGN_IDENTITY = "iPhone Developer";
				"CODE_SIGN_IDENTITY[sdk=iphoneos*]" = "iPhone Developer";
				FRAMEWORK_SEARCH_PATHS = /Users/Candyan/Douban/Mobile/Library/YAUIKit/YAUIKit;
				GCC_PRECOMPILE_PREFIX_HEADER = YES;
				GCC_PREFIX_HEADER = "YAUIKitDemo/YAUIKitDemo-Prefix.pch";
				HEADER_SEARCH_PATHS = "${SRCROOT}/../Dependency/**";
				INFOPLIST_FILE = "YAUIKitDemo copy-Info.plist";
				IPHONEOS_DEPLOYMENT_TARGET = 5.0;
				LIBRARY_SEARCH_PATHS = "";
				OTHER_LDFLAGS = (
					"-Objc",
					"-all_load",
				);
				PRODUCT_NAME = "YAUIKitDemo-Reveal";
				PROVISIONING_PROFILE = "";
				USER_HEADER_SEARCH_PATHS = "";
				WRAPPER_EXTENSION = app;
			};
			name = Debug;
		};
		7508CFC518BB3A9B001218CB /* Release */ = {
			isa = XCBuildConfiguration;
			buildSettings = {
				ALWAYS_SEARCH_USER_PATHS = NO;
				CODE_SIGN_IDENTITY = "iPhone Distribution";
				"CODE_SIGN_IDENTITY[sdk=iphoneos*]" = "iPhone Distribution";
				FRAMEWORK_SEARCH_PATHS = /Users/Candyan/Douban/Mobile/Library/YAUIKit/YAUIKit;
				GCC_PRECOMPILE_PREFIX_HEADER = YES;
				GCC_PREFIX_HEADER = "YAUIKitDemo/YAUIKitDemo-Prefix.pch";
				HEADER_SEARCH_PATHS = "${SRCROOT}/../Dependency/**";
				INFOPLIST_FILE = "YAUIKitDemo copy-Info.plist";
				IPHONEOS_DEPLOYMENT_TARGET = 5.0;
				LIBRARY_SEARCH_PATHS = "";
				OTHER_CFLAGS = "-DNS_BLOCK_ASSERTIONS=1";
				OTHER_LDFLAGS = (
					"-Objc",
					"-all_load",
				);
				PRODUCT_NAME = "YAUIKitDemo-Reveal";
				PROVISIONING_PROFILE = "";
				USER_HEADER_SEARCH_PATHS = "";
				WRAPPER_EXTENSION = app;
			};
			name = Release;
		};
/* End XCBuildConfiguration section */

/* Begin XCConfigurationList section */
		4C5C3D701713E53D00F706A7 /* Build configuration list for PBXProject "YAUIKit" */ = {
			isa = XCConfigurationList;
			buildConfigurations = (
				4C5C3D811713E53D00F706A7 /* Debug */,
				4C5C3D821713E53D00F706A7 /* Release */,
			);
			defaultConfigurationIsVisible = 0;
			defaultConfigurationName = Release;
		};
		4C5C3D831713E53D00F706A7 /* Build configuration list for PBXNativeTarget "YAUIKit" */ = {
			isa = XCConfigurationList;
			buildConfigurations = (
				4C5C3D841713E53D00F706A7 /* Debug */,
				4C5C3D851713E53D00F706A7 /* Release */,
			);
			defaultConfigurationIsVisible = 0;
			defaultConfigurationName = Release;
		};
		4C5C3DAD1713F3A400F706A7 /* Build configuration list for PBXNativeTarget "YAUIKitDemo" */ = {
			isa = XCConfigurationList;
			buildConfigurations = (
				4C5C3DAE1713F3A400F706A7 /* Debug */,
				4C5C3DAF1713F3A400F706A7 /* Release */,
			);
			defaultConfigurationIsVisible = 0;
			defaultConfigurationName = Release;
		};
		7508CFC318BB3A9B001218CB /* Build configuration list for PBXNativeTarget "YAUIKitDemo-Reveal" */ = {
			isa = XCConfigurationList;
			buildConfigurations = (
				7508CFC418BB3A9B001218CB /* Debug */,
				7508CFC518BB3A9B001218CB /* Release */,
			);
			defaultConfigurationIsVisible = 0;
			defaultConfigurationName = Release;
		};
/* End XCConfigurationList section */
	};
	rootObject = 4C5C3D6D1713E53D00F706A7 /* Project object */;
}
